PODS:
  - CalculateCalendarLogic (0.5.0)
  - ContextMenuSwift (1.0.0)
  - FSCalendar (2.8.4)
  - Realm (10.20.0):
    - Realm/Headers (= 10.20.0)
  - Realm/Headers (10.20.0)
  - RealmSwift (10.20.0):
    - Realm (= 10.20.0)
  - SideMenu (6.5.0)
  - SVProgressHUD (2.2.5)
  - SwiftFormat/CLI (0.50.3)

DEPENDENCIES:
  - CalculateCalendarLogic
  - ContextMenuSwift
  - FSCalendar
  - RealmSwift (= 10.20.0)
  - SideMenu (~> 6.0)
  - SVProgressHUD
  - SwiftFormat/CLI

SPEC REPOS:
  trunk:
    - CalculateCalendarLogic
    - ContextMenuSwift
    - FSCalendar
    - Realm
    - RealmSwift
    - SideMenu
    - SVProgressHUD
    - SwiftFormat

SPEC CHECKSUMS:
  CalculateCalendarLogic: d14189787cd47766e64281b2686608afea07ae4d
  ContextMenuSwift: c89068a89ccd9210dfcaee3bdc558e65aa74899b
  FSCalendar: 2d1d0d9398f12d439f55c1fe0f01525b151b8260
  Realm: ae32bdc1da7d19c7617e0400201a77acd4a211b9
  RealmSwift: c95eec6a712924870b2e36c4c081d63ec07e5414
  SideMenu: f583187d21c5b1dd04c72002be544b555a2627a2
  SVProgressHUD: 1428aafac632c1f86f62aa4243ec12008d7a51d6
  SwiftFormat: 61cda3819dc3a7d69795ce0430e1e1d53c4a4fb2

PODFILE CHECKSUM: 6654f5c4b32bb63df38a82112ed6aec633e7a02b

COCOAPODS: 1.11.3
