PODS:
  - Realm (10.20.0):
    - Realm/Headers (= 10.20.0)
  - Realm/Headers (10.20.0)
  - RealmSwift (10.20.0):
    - Realm (= 10.20.0)
  - SVProgressHUD (2.2.5)

DEPENDENCIES:
  - RealmSwift (= 10.20.0)
  - SVProgressHUD

SPEC REPOS:
  trunk:
    - Realm
    - RealmSwift
    - SVProgressHUD

SPEC CHECKSUMS:
  Realm: ae32bdc1da7d19c7617e0400201a77acd4a211b9
  RealmSwift: c95eec6a712924870b2e36c4c081d63ec07e5414
  SVProgressHUD: 1428aafac632c1f86f62aa4243ec12008d7a51d6

PODFILE CHECKSUM: 2e2f9eb9957aa83d7ae6eb7aacb31d58a748be70

COCOAPODS: 1.11.3
