// !$*UTF8*$!
{
	archiveVersion = 1;
	classes = {
	};
	objectVersion = 55;
	objects = {

/* Begin PBXBuildFile section */
		83071CF928B91AC70003734C /* AppDelegate.swift in Sources */ = {isa = PBXBuildFile; fileRef = 83071CF828B91AC70003734C /* AppDelegate.swift */; };
		83071CFB28B91AC70003734C /* SceneDelegate.swift in Sources */ = {isa = PBXBuildFile; fileRef = 83071CFA28B91AC70003734C /* SceneDelegate.swift */; };
		83071D0028B91AC70003734C /* Main.storyboard in Resources */ = {isa = PBXBuildFile; fileRef = 83071CFE28B91AC70003734C /* Main.storyboard */; };
		83071D0228B91AC90003734C /* Assets.xcassets in Resources */ = {isa = PBXBuildFile; fileRef = 83071D0128B91AC90003734C /* Assets.xcassets */; };
		83071D0528B91AC90003734C /* LaunchScreen.storyboard in Resources */ = {isa = PBXBuildFile; fileRef = 83071D0328B91AC90003734C /* LaunchScreen.storyboard */; };
		830D9FF42912DE2000F8761B /* PostViewController.swift in Sources */ = {isa = PBXBuildFile; fileRef = 830D9FF32912DE2000F8761B /* PostViewController.swift */; };
		832D4CB028D848B5004C4D7C /* QuickMemoViewContoller.swift in Sources */ = {isa = PBXBuildFile; fileRef = 832D4CAF28D848B5004C4D7C /* QuickMemoViewContoller.swift */; };
		8342F77728FD760E005C8FD5 /* Alamofire in Frameworks */ = {isa = PBXBuildFile; productRef = 8342F77628FD760E005C8FD5 /* Alamofire */; };
		8356E9552905574500FD9236 /* History.swift in Sources */ = {isa = PBXBuildFile; fileRef = 8356E9542905574500FD9236 /* History.swift */; };
		8356E9572905584500FD9236 /* Record.swift in Sources */ = {isa = PBXBuildFile; fileRef = 8356E9562905584500FD9236 /* Record.swift */; };
		8356E95929055BCC00FD9236 /* PhraseWord.swift in Sources */ = {isa = PBXBuildFile; fileRef = 8356E95829055BCC00FD9236 /* PhraseWord.swift */; };
		8356E95C2906407500FD9236 /* FirstMemo.swift in Sources */ = {isa = PBXBuildFile; fileRef = 8356E95B2906407500FD9236 /* FirstMemo.swift */; };
		8356E95E290642D800FD9236 /* Speak.swift in Sources */ = {isa = PBXBuildFile; fileRef = 8356E95D290642D800FD9236 /* Speak.swift */; };
		835B38DE294B5DDA00D42F50 /* Alamofire in Frameworks */ = {isa = PBXBuildFile; productRef = 835B38DD294B5DDA00D42F50 /* Alamofire */; };
		835B38E0294C82B000D42F50 /* ChatRoomViewController.swift in Sources */ = {isa = PBXBuildFile; fileRef = 835B38DF294C82B000D42F50 /* ChatRoomViewController.swift */; };
		835B38E2294C833500D42F50 /* MessageEntity.swift in Sources */ = {isa = PBXBuildFile; fileRef = 835B38E1294C833500D42F50 /* MessageEntity.swift */; };
		835B38E4294C839F00D42F50 /* MessageSenderType.swift in Sources */ = {isa = PBXBuildFile; fileRef = 835B38E3294C839F00D42F50 /* MessageSenderType.swift */; };
		835B38E6294FF58D00D42F50 /* ChatListViewController.swift in Sources */ = {isa = PBXBuildFile; fileRef = 835B38E5294FF58D00D42F50 /* ChatListViewController.swift */; };
		835B38EC2950070200D42F50 /* ChatList.swift in Sources */ = {isa = PBXBuildFile; fileRef = 835B38EB2950070100D42F50 /* ChatList.swift */; };
		836D1F8A290A52360075AFEE /* GoogleService-Info.plist in Resources */ = {isa = PBXBuildFile; fileRef = 836D1F89290A52360075AFEE /* GoogleService-Info.plist */; };
		836E69B5290EB9CD00048398 /* PostsHistoryViewController.swift in Sources */ = {isa = PBXBuildFile; fileRef = 836E69B4290EB9CD00048398 /* PostsHistoryViewController.swift */; };
		83724E98291926EA0074ED1E /* Alamofire in Frameworks */ = {isa = PBXBuildFile; productRef = 83724E97291926EA0074ED1E /* Alamofire */; };
		8372AD902932E91500E230BF /* PagingPhraseWordViewController.swift in Sources */ = {isa = PBXBuildFile; fileRef = 8372AD8F2932E91500E230BF /* PagingPhraseWordViewController.swift */; };
		83734B75291E62F8007B9A72 /* Alamofire in Frameworks */ = {isa = PBXBuildFile; productRef = 83734B74291E62F8007B9A72 /* Alamofire */; };
		8378EB4029652137007655C9 /* Alamofire in Frameworks */ = {isa = PBXBuildFile; productRef = 8378EB3F29652137007655C9 /* Alamofire */; };
		8379101C29504682000790AB /* Alamofire in Frameworks */ = {isa = PBXBuildFile; productRef = 8379101B29504682000790AB /* Alamofire */; };
		837BB0EB2939B02100648011 /* AllPhraseWordViewController.swift in Sources */ = {isa = PBXBuildFile; fileRef = 837BB0EA2939B02000648011 /* AllPhraseWordViewController.swift */; };
		837CD1B328BE264F00823D17 /* TranslationFolder.swift in Sources */ = {isa = PBXBuildFile; fileRef = 837CD1B228BE264F00823D17 /* TranslationFolder.swift */; };
		837D41E929150F4C00A80342 /* SecondPostData.swift in Sources */ = {isa = PBXBuildFile; fileRef = 837D41E829150F4C00A80342 /* SecondPostData.swift */; };
		838085F42926073900574D2D /* SearchViewController.swift in Sources */ = {isa = PBXBuildFile; fileRef = 838085F32926073900574D2D /* SearchViewController.swift */; };
		838085F72926728C00574D2D /* Alamofire in Frameworks */ = {isa = PBXBuildFile; productRef = 838085F62926728C00574D2D /* Alamofire */; };
		8380CEEC29346006003B159E /* SecondPhraseWordViewController.swift in Sources */ = {isa = PBXBuildFile; fileRef = 8380CEEB29346006003B159E /* SecondPhraseWordViewController.swift */; };
		8382E93D28F728E100877DD8 /* Alamofire in Frameworks */ = {isa = PBXBuildFile; productRef = 8382E93C28F728E100877DD8 /* Alamofire */; };
		8382FD4628F987B20021715C /* Alamofire in Frameworks */ = {isa = PBXBuildFile; productRef = 8382FD4528F987B20021715C /* Alamofire */; };
		83833545290F60CF00C374F9 /* CustomCellForEditProfile.swift in Sources */ = {isa = PBXBuildFile; fileRef = 83833543290F60CF00C374F9 /* CustomCellForEditProfile.swift */; };
		83833546290F60CF00C374F9 /* CustomCellForEditProfile.xib in Resources */ = {isa = PBXBuildFile; fileRef = 83833544290F60CF00C374F9 /* CustomCellForEditProfile.xib */; };
		8385E72A291816C100DBDBAC /* BookMarkViewController.swift in Sources */ = {isa = PBXBuildFile; fileRef = 8385E729291816C100DBDBAC /* BookMarkViewController.swift */; };
		8385E72C2918C92F00DBDBAC /* OthersProfileViewController.swift in Sources */ = {isa = PBXBuildFile; fileRef = 8385E72B2918C92F00DBDBAC /* OthersProfileViewController.swift */; };
		8385E72E2918D12800DBDBAC /* OthersIntroductionViewController.swift in Sources */ = {isa = PBXBuildFile; fileRef = 8385E72D2918D12800DBDBAC /* OthersIntroductionViewController.swift */; };
		8385E7302918D14300DBDBAC /* OthersPostsHistoryViewController.swift in Sources */ = {isa = PBXBuildFile; fileRef = 8385E72F2918D14300DBDBAC /* OthersPostsHistoryViewController.swift */; };
		8385E7322918D16100DBDBAC /* OthersCommentsHistoryViewController.swift in Sources */ = {isa = PBXBuildFile; fileRef = 8385E7312918D16100DBDBAC /* OthersCommentsHistoryViewController.swift */; };
		8385EA0E2951858B0034E0F6 /* ChatRoom.swift in Sources */ = {isa = PBXBuildFile; fileRef = 8385EA0D2951858A0034E0F6 /* ChatRoom.swift */; };
		8385EA14295476110034E0F6 /* ProfileData.swift in Sources */ = {isa = PBXBuildFile; fileRef = 8385EA13295476110034E0F6 /* ProfileData.swift */; };
		83887BA2296312F800CA644D /* Alamofire in Frameworks */ = {isa = PBXBuildFile; productRef = 83887BA1296312F800CA644D /* Alamofire */; };
		8388DA5628C9C238008DE6FF /* TranslationImage.png in Resources */ = {isa = PBXBuildFile; fileRef = 8388DA5528C9C237008DE6FF /* TranslationImage.png */; };
		8388DA5A28C9E25D008DE6FF /* TabBarController.swift in Sources */ = {isa = PBXBuildFile; fileRef = 8388DA5928C9E25D008DE6FF /* TabBarController.swift */; };
		8388DA5C28CA3770008DE6FF /* EditStudyViewContoller.swift in Sources */ = {isa = PBXBuildFile; fileRef = 8388DA5B28CA3770008DE6FF /* EditStudyViewContoller.swift */; };
		8389C3F8290A7993007347AE /* Alamofire in Frameworks */ = {isa = PBXBuildFile; productRef = 8389C3F7290A7993007347AE /* Alamofire */; };
		8389C3FA290A7C5C007347AE /* TimeLineViewController.swift in Sources */ = {isa = PBXBuildFile; fileRef = 8389C3F9290A7C5C007347AE /* TimeLineViewController.swift */; };
		8389C3FC290A7C6A007347AE /* LoginViewController.swift in Sources */ = {isa = PBXBuildFile; fileRef = 8389C3FB290A7C6A007347AE /* LoginViewController.swift */; };
		8389C3FE290ABDBC007347AE /* ProfileViewController.swift in Sources */ = {isa = PBXBuildFile; fileRef = 8389C3FD290ABDBC007347AE /* ProfileViewController.swift */; };
		8389C401290AC663007347AE /* Pods_TranslationApp.framework in Frameworks */ = {isa = PBXBuildFile; fileRef = 5AE466AC2454DC7D2D0C0F52 /* Pods_TranslationApp.framework */; };
		8389C405290AC6AF007347AE /* Alamofire in Frameworks */ = {isa = PBXBuildFile; productRef = 8389C404290AC6AF007347AE /* Alamofire */; };
		838F3FA0293A207B004A0FDF /* ThirdPhraseWordViewController.swift in Sources */ = {isa = PBXBuildFile; fileRef = 838F3F9F293A207B004A0FDF /* ThirdPhraseWordViewController.swift */; };
		83920A9F290B946100F1F2D6 /* CustomCellForIntroduction.swift in Sources */ = {isa = PBXBuildFile; fileRef = 83920A9D290B946100F1F2D6 /* CustomCellForIntroduction.swift */; };
		83920AA0290B946100F1F2D6 /* CustomCellForIntroduction.xib in Resources */ = {isa = PBXBuildFile; fileRef = 83920A9E290B946100F1F2D6 /* CustomCellForIntroduction.xib */; };
		83920AA2290BA6FB00F1F2D6 /* FireBaseRelatedPath.swift in Sources */ = {isa = PBXBuildFile; fileRef = 83920AA1290BA6FB00F1F2D6 /* FireBaseRelatedPath.swift */; };
		83920AA4290BB2BE00F1F2D6 /* EditProfileViewController.swift in Sources */ = {isa = PBXBuildFile; fileRef = 83920AA3290BB2BE00F1F2D6 /* EditProfileViewController.swift */; };
		839238032930D0C0005B0741 /* Alamofire in Frameworks */ = {isa = PBXBuildFile; productRef = 839238022930D0C0005B0741 /* Alamofire */; };
		83966BF728E8C1060098A39E /* CustomCellForStudy.swift in Sources */ = {isa = PBXBuildFile; fileRef = 83966BF528E8C1060098A39E /* CustomCellForStudy.swift */; };
		83966BF828E8C1060098A39E /* CustomCellForStudy.xib in Resources */ = {isa = PBXBuildFile; fileRef = 83966BF628E8C1060098A39E /* CustomCellForStudy.xib */; };
		8396C0B32916ABF40034EDE7 /* CommentsHistoryViewController.swift in Sources */ = {isa = PBXBuildFile; fileRef = 8396C0B22916ABF40034EDE7 /* CommentsHistoryViewController.swift */; };
		83975FE52941DFEE00852A58 /* OthersPostedCommentsHistoryViewController.swift in Sources */ = {isa = PBXBuildFile; fileRef = 83975FE42941DFEE00852A58 /* OthersPostedCommentsHistoryViewController.swift */; };
		839CDF632906939100F78F44 /* Alamofire in Frameworks */ = {isa = PBXBuildFile; productRef = 839CDF622906939100F78F44 /* Alamofire */; };
		839EBCEC2924C540003E8393 /* Alamofire in Frameworks */ = {isa = PBXBuildFile; productRef = 839EBCEB2924C540003E8393 /* Alamofire */; };
		839FBA3128BA0F7000BB64A5 /* TranslateViewController.swift in Sources */ = {isa = PBXBuildFile; fileRef = 839FBA3028BA0F7000BB64A5 /* TranslateViewController.swift */; };
		839FBA3328BA101200BB64A5 /* FolderViewController.swift in Sources */ = {isa = PBXBuildFile; fileRef = 839FBA3228BA101200BB64A5 /* FolderViewController.swift */; };
		839FBA3928BA5C8900BB64A5 /* APIKey.plist in Resources */ = {isa = PBXBuildFile; fileRef = 839FBA3828BA5C8900BB64A5 /* APIKey.plist */; };
		839FBA3B28BA602700BB64A5 /* KeyManager.swift in Sources */ = {isa = PBXBuildFile; fileRef = 839FBA3A28BA602700BB64A5 /* KeyManager.swift */; };
		83A051F929647858006BCB39 /* Alamofire in Frameworks */ = {isa = PBXBuildFile; productRef = 83A051F829647858006BCB39 /* Alamofire */; };
		83A1D5C7290EC69D00B6F18A /* IntroductionViewController.swift in Sources */ = {isa = PBXBuildFile; fileRef = 83A1D5C6290EC69D00B6F18A /* IntroductionViewController.swift */; };
		83A2E1AB2901023700F1117A /* Alamofire in Frameworks */ = {isa = PBXBuildFile; productRef = 83A2E1AA2901023700F1117A /* Alamofire */; };
		83A2E1AE29018C5D00F1117A /* Alamofire in Frameworks */ = {isa = PBXBuildFile; productRef = 83A2E1AD29018C5D00F1117A /* Alamofire */; };
		83A2E1B029019CA100F1117A /* SelectFolderForStudyViewContoller.swift in Sources */ = {isa = PBXBuildFile; fileRef = 83A2E1AF29019CA100F1117A /* SelectFolderForStudyViewContoller.swift */; };
		83A564C928D7630300C3A9B9 /* PhraseWordViewController.swift in Sources */ = {isa = PBXBuildFile; fileRef = 83A564C828D7630300C3A9B9 /* PhraseWordViewController.swift */; };
		83A7917828F6654300BF7C2D /* SettingsForStudyViewController.swift in Sources */ = {isa = PBXBuildFile; fileRef = 83A7917728F6654300BF7C2D /* SettingsForStudyViewController.swift */; };
		83AA2A782966AC3700D95D6E /* MessageUI.framework in Frameworks */ = {isa = PBXBuildFile; fileRef = 83AA2A772966AC3600D95D6E /* MessageUI.framework */; };
		83AC1DC828E4427D00576CF4 /* CustomCellForPhraseWord.swift in Sources */ = {isa = PBXBuildFile; fileRef = 83AC1DC628E4427D00576CF4 /* CustomCellForPhraseWord.swift */; };
		83AC1DC928E4427D00576CF4 /* CustomCellForPhraseWord.xib in Resources */ = {isa = PBXBuildFile; fileRef = 83AC1DC728E4427D00576CF4 /* CustomCellForPhraseWord.xib */; };
		83AD2C1B290A48AB009B0C84 /* SecondTabBarController.swift in Sources */ = {isa = PBXBuildFile; fileRef = 83AD2C1A290A48AB009B0C84 /* SecondTabBarController.swift */; };
		83AF317228CF037200FDA0E1 /* MemoForStudyViewController.swift in Sources */ = {isa = PBXBuildFile; fileRef = 83AF317128CF037200FDA0E1 /* MemoForStudyViewController.swift */; };
		83AF317628CF863100FDA0E1 /* HistoryViewContoller.swift in Sources */ = {isa = PBXBuildFile; fileRef = 83AF317528CF863100FDA0E1 /* HistoryViewContoller.swift */; };
		83B6AF1C28E71E8C00700DBF /* ReviewViewController.swift in Sources */ = {isa = PBXBuildFile; fileRef = 83B6AF1B28E71E8C00700DBF /* ReviewViewController.swift */; };
		83B6AF1F28E7254000700DBF /* CustomCellForReview.swift in Sources */ = {isa = PBXBuildFile; fileRef = 83B6AF1D28E7254000700DBF /* CustomCellForReview.swift */; };
		83B6AF2028E7254000700DBF /* CustomCellForReview.xib in Resources */ = {isa = PBXBuildFile; fileRef = 83B6AF1E28E7254000700DBF /* CustomCellForReview.xib */; };
		83B9C1FB28CFF10B006138E2 /* CustomCellForHistory.swift in Sources */ = {isa = PBXBuildFile; fileRef = 83B9C1F928CFF10B006138E2 /* CustomCellForHistory.swift */; };
		83B9C1FC28CFF10B006138E2 /* CustomCellForHistory.xib in Resources */ = {isa = PBXBuildFile; fileRef = 83B9C1FA28CFF10B006138E2 /* CustomCellForHistory.xib */; };
		83B9C1FE28D2F31B006138E2 /* RecordViewController.swift in Sources */ = {isa = PBXBuildFile; fileRef = 83B9C1FD28D2F31B006138E2 /* RecordViewController.swift */; };
		83B9C20128D3050E006138E2 /* CustomCellForRecord.swift in Sources */ = {isa = PBXBuildFile; fileRef = 83B9C1FF28D3050E006138E2 /* CustomCellForRecord.swift */; };
		83B9C20228D3050E006138E2 /* CustomCellForRecord.xib in Resources */ = {isa = PBXBuildFile; fileRef = 83B9C20028D3050E006138E2 /* CustomCellForRecord.xib */; };
		83B9C20428D3132D006138E2 /* EditRecordViewController.swift in Sources */ = {isa = PBXBuildFile; fileRef = 83B9C20328D3132D006138E2 /* EditRecordViewController.swift */; };
		83B9C20628D39997006138E2 /* AddViewController.swift in Sources */ = {isa = PBXBuildFile; fileRef = 83B9C20528D39997006138E2 /* AddViewController.swift */; };
		83BC07EE291ABCFC001FFE61 /* BookMarkCommentsSectionViewController.swift in Sources */ = {isa = PBXBuildFile; fileRef = 83BC07ED291ABCFC001FFE61 /* BookMarkCommentsSectionViewController.swift */; };
		83BC07F0291B84FC001FFE61 /* OthersBookMarkViewController.swift in Sources */ = {isa = PBXBuildFile; fileRef = 83BC07EF291B84FC001FFE61 /* OthersBookMarkViewController.swift */; };
		83BC07F2291B8520001FFE61 /* OthersBookMarkCommentsSectionViewController.swift in Sources */ = {isa = PBXBuildFile; fileRef = 83BC07F1291B8520001FFE61 /* OthersBookMarkCommentsSectionViewController.swift */; };
		83C15AFA28BF451F00280694 /* SelectFolderForTranslateViewContoller.swift in Sources */ = {isa = PBXBuildFile; fileRef = 83C15AF928BF451F00280694 /* SelectFolderForTranslateViewContoller.swift */; };
		83C292182912E92D00386EE9 /* CustomCellForTimeLine.swift in Sources */ = {isa = PBXBuildFile; fileRef = 83C292162912E92D00386EE9 /* CustomCellForTimeLine.swift */; };
		83C292192912E92D00386EE9 /* CustomCellForTimeLine.xib in Resources */ = {isa = PBXBuildFile; fileRef = 83C292172912E92D00386EE9 /* CustomCellForTimeLine.xib */; };
		83C2921B29137FF000386EE9 /* PostData.swift in Sources */ = {isa = PBXBuildFile; fileRef = 83C2921A29137FF000386EE9 /* PostData.swift */; };
		83C2CC99291D13EC00A671AE /* CorrectViewController.swift in Sources */ = {isa = PBXBuildFile; fileRef = 83C2CC98291D13EC00A671AE /* CorrectViewController.swift */; };
		83C2CC9B291D1BF600A671AE /* HowToLearnViewController.swift in Sources */ = {isa = PBXBuildFile; fileRef = 83C2CC9A291D1BF600A671AE /* HowToLearnViewController.swift */; };
		83C2CC9D291D1C6500A671AE /* WordViewController.swift in Sources */ = {isa = PBXBuildFile; fileRef = 83C2CC9C291D1C6500A671AE /* WordViewController.swift */; };
		83C2CC9F291D1CA400A671AE /* GrammerViewController.swift in Sources */ = {isa = PBXBuildFile; fileRef = 83C2CC9E291D1CA400A671AE /* GrammerViewController.swift */; };
		83C2CCA1291D1CD000A671AE /* ConversationViewController.swift in Sources */ = {isa = PBXBuildFile; fileRef = 83C2CCA0291D1CD000A671AE /* ConversationViewController.swift */; };
		83C2CCA3291D1CF500A671AE /* ListeningViewController.swift in Sources */ = {isa = PBXBuildFile; fileRef = 83C2CCA2291D1CF500A671AE /* ListeningViewController.swift */; };
		83C2CCA5291D1D1900A671AE /* PronunciationViewController.swift in Sources */ = {isa = PBXBuildFile; fileRef = 83C2CCA4291D1D1900A671AE /* PronunciationViewController.swift */; };
		83C2CCA7291D1D4100A671AE /* CertificationViewController.swift in Sources */ = {isa = PBXBuildFile; fileRef = 83C2CCA6291D1D4100A671AE /* CertificationViewController.swift */; };
		83C2CCA9291D1D5E00A671AE /* EtcViewController.swift in Sources */ = {isa = PBXBuildFile; fileRef = 83C2CCA8291D1D5E00A671AE /* EtcViewController.swift */; };
		83CE5511293F5FF300B9E698 /* PostedCommentsHistoryViewController.swift in Sources */ = {isa = PBXBuildFile; fileRef = 83CE5510293F5FF300B9E698 /* PostedCommentsHistoryViewController.swift */; };
		83D29A6B291BDC6000DFF928 /* SecondPagingViewController.swift in Sources */ = {isa = PBXBuildFile; fileRef = 83D29A6A291BDC6000DFF928 /* SecondPagingViewController.swift */; };
		83D896322913F5CD00E570AD /* CommentSectionViewController.swift in Sources */ = {isa = PBXBuildFile; fileRef = 83D896312913F5CD00E570AD /* CommentSectionViewController.swift */; };
		83D896342914190500E570AD /* InputCommentViewController.swift in Sources */ = {isa = PBXBuildFile; fileRef = 83D896332914190500E570AD /* InputCommentViewController.swift */; };
		83D8963729141D9500E570AD /* CustomCellForCommentSetion.swift in Sources */ = {isa = PBXBuildFile; fileRef = 83D8963529141D9500E570AD /* CustomCellForCommentSetion.swift */; };
		83D8963829141D9500E570AD /* CustomCellForCommentSetion.xib in Resources */ = {isa = PBXBuildFile; fileRef = 83D8963629141D9500E570AD /* CustomCellForCommentSetion.xib */; };
		83F021B128C0CC56009FFDD2 /* StudyViewController.swift in Sources */ = {isa = PBXBuildFile; fileRef = 83F021B028C0CC56009FFDD2 /* StudyViewController.swift */; };
/* End PBXBuildFile section */

/* Begin PBXFileReference section */
		5AE466AC2454DC7D2D0C0F52 /* Pods_TranslationApp.framework */ = {isa = PBXFileReference; explicitFileType = wrapper.framework; includeInIndex = 0; path = Pods_TranslationApp.framework; sourceTree = BUILT_PRODUCTS_DIR; };
		76A5CC4D0934ACC4BB7691D9 /* Pods-TranslationApp.release.xcconfig */ = {isa = PBXFileReference; includeInIndex = 1; lastKnownFileType = text.xcconfig; name = "Pods-TranslationApp.release.xcconfig"; path = "Target Support Files/Pods-TranslationApp/Pods-TranslationApp.release.xcconfig"; sourceTree = "<group>"; };
		83071CF528B91AC70003734C /* DeepL翻訳＋瞬間英作文.app */ = {isa = PBXFileReference; explicitFileType = wrapper.application; includeInIndex = 0; path = "DeepL翻訳＋瞬間英作文.app"; sourceTree = BUILT_PRODUCTS_DIR; };
		83071CF828B91AC70003734C /* AppDelegate.swift */ = {isa = PBXFileReference; lastKnownFileType = sourcecode.swift; path = AppDelegate.swift; sourceTree = "<group>"; };
		83071CFA28B91AC70003734C /* SceneDelegate.swift */ = {isa = PBXFileReference; lastKnownFileType = sourcecode.swift; path = SceneDelegate.swift; sourceTree = "<group>"; };
		83071CFF28B91AC70003734C /* Base */ = {isa = PBXFileReference; lastKnownFileType = file.storyboard; name = Base; path = Base.lproj/Main.storyboard; sourceTree = "<group>"; };
		83071D0128B91AC90003734C /* Assets.xcassets */ = {isa = PBXFileReference; lastKnownFileType = folder.assetcatalog; path = Assets.xcassets; sourceTree = "<group>"; };
		83071D0428B91AC90003734C /* Base */ = {isa = PBXFileReference; lastKnownFileType = file.storyboard; name = Base; path = Base.lproj/LaunchScreen.storyboard; sourceTree = "<group>"; };
		83071D0628B91AC90003734C /* Info.plist */ = {isa = PBXFileReference; lastKnownFileType = text.plist.xml; path = Info.plist; sourceTree = "<group>"; };
		830D9FF32912DE2000F8761B /* PostViewController.swift */ = {isa = PBXFileReference; lastKnownFileType = sourcecode.swift; path = PostViewController.swift; sourceTree = "<group>"; };
		832D4CAF28D848B5004C4D7C /* QuickMemoViewContoller.swift */ = {isa = PBXFileReference; lastKnownFileType = sourcecode.swift; path = QuickMemoViewContoller.swift; sourceTree = "<group>"; };
		8356E9542905574500FD9236 /* History.swift */ = {isa = PBXFileReference; lastKnownFileType = sourcecode.swift; path = History.swift; sourceTree = "<group>"; };
		8356E9562905584500FD9236 /* Record.swift */ = {isa = PBXFileReference; lastKnownFileType = sourcecode.swift; path = Record.swift; sourceTree = "<group>"; };
		8356E95829055BCC00FD9236 /* PhraseWord.swift */ = {isa = PBXFileReference; lastKnownFileType = sourcecode.swift; path = PhraseWord.swift; sourceTree = "<group>"; };
		8356E95B2906407500FD9236 /* FirstMemo.swift */ = {isa = PBXFileReference; lastKnownFileType = sourcecode.swift; path = FirstMemo.swift; sourceTree = "<group>"; };
		8356E95D290642D800FD9236 /* Speak.swift */ = {isa = PBXFileReference; lastKnownFileType = sourcecode.swift; path = Speak.swift; sourceTree = "<group>"; };
		835B38DF294C82B000D42F50 /* ChatRoomViewController.swift */ = {isa = PBXFileReference; lastKnownFileType = sourcecode.swift; path = ChatRoomViewController.swift; sourceTree = "<group>"; };
		835B38E1294C833500D42F50 /* MessageEntity.swift */ = {isa = PBXFileReference; lastKnownFileType = sourcecode.swift; path = MessageEntity.swift; sourceTree = "<group>"; };
		835B38E3294C839F00D42F50 /* MessageSenderType.swift */ = {isa = PBXFileReference; lastKnownFileType = sourcecode.swift; path = MessageSenderType.swift; sourceTree = "<group>"; };
		835B38E5294FF58D00D42F50 /* ChatListViewController.swift */ = {isa = PBXFileReference; lastKnownFileType = sourcecode.swift; path = ChatListViewController.swift; sourceTree = "<group>"; };
		835B38EB2950070100D42F50 /* ChatList.swift */ = {isa = PBXFileReference; lastKnownFileType = sourcecode.swift; path = ChatList.swift; sourceTree = "<group>"; };
		836D1F89290A52360075AFEE /* GoogleService-Info.plist */ = {isa = PBXFileReference; fileEncoding = 4; lastKnownFileType = text.plist.xml; path = "GoogleService-Info.plist"; sourceTree = "<group>"; };
		836E69B4290EB9CD00048398 /* PostsHistoryViewController.swift */ = {isa = PBXFileReference; lastKnownFileType = sourcecode.swift; path = PostsHistoryViewController.swift; sourceTree = "<group>"; };
		8372AD8F2932E91500E230BF /* PagingPhraseWordViewController.swift */ = {isa = PBXFileReference; lastKnownFileType = sourcecode.swift; path = PagingPhraseWordViewController.swift; sourceTree = "<group>"; };
		837BB0EA2939B02000648011 /* AllPhraseWordViewController.swift */ = {isa = PBXFileReference; lastKnownFileType = sourcecode.swift; path = AllPhraseWordViewController.swift; sourceTree = "<group>"; };
		837CD1B228BE264F00823D17 /* TranslationFolder.swift */ = {isa = PBXFileReference; lastKnownFileType = sourcecode.swift; path = TranslationFolder.swift; sourceTree = "<group>"; };
		837D41E829150F4C00A80342 /* SecondPostData.swift */ = {isa = PBXFileReference; lastKnownFileType = sourcecode.swift; path = SecondPostData.swift; sourceTree = "<group>"; };
		838085F32926073900574D2D /* SearchViewController.swift */ = {isa = PBXFileReference; lastKnownFileType = sourcecode.swift; path = SearchViewController.swift; sourceTree = "<group>"; };
		8380CEEB29346006003B159E /* SecondPhraseWordViewController.swift */ = {isa = PBXFileReference; lastKnownFileType = sourcecode.swift; path = SecondPhraseWordViewController.swift; sourceTree = "<group>"; };
		83833543290F60CF00C374F9 /* CustomCellForEditProfile.swift */ = {isa = PBXFileReference; lastKnownFileType = sourcecode.swift; path = CustomCellForEditProfile.swift; sourceTree = "<group>"; };
		83833544290F60CF00C374F9 /* CustomCellForEditProfile.xib */ = {isa = PBXFileReference; lastKnownFileType = file.xib; path = CustomCellForEditProfile.xib; sourceTree = "<group>"; };
		8385E729291816C100DBDBAC /* BookMarkViewController.swift */ = {isa = PBXFileReference; lastKnownFileType = sourcecode.swift; path = BookMarkViewController.swift; sourceTree = "<group>"; };
		8385E72B2918C92F00DBDBAC /* OthersProfileViewController.swift */ = {isa = PBXFileReference; lastKnownFileType = sourcecode.swift; path = OthersProfileViewController.swift; sourceTree = "<group>"; };
		8385E72D2918D12800DBDBAC /* OthersIntroductionViewController.swift */ = {isa = PBXFileReference; lastKnownFileType = sourcecode.swift; path = OthersIntroductionViewController.swift; sourceTree = "<group>"; };
		8385E72F2918D14300DBDBAC /* OthersPostsHistoryViewController.swift */ = {isa = PBXFileReference; lastKnownFileType = sourcecode.swift; path = OthersPostsHistoryViewController.swift; sourceTree = "<group>"; };
		8385E7312918D16100DBDBAC /* OthersCommentsHistoryViewController.swift */ = {isa = PBXFileReference; lastKnownFileType = sourcecode.swift; path = OthersCommentsHistoryViewController.swift; sourceTree = "<group>"; };
		8385EA0D2951858A0034E0F6 /* ChatRoom.swift */ = {isa = PBXFileReference; lastKnownFileType = sourcecode.swift; path = ChatRoom.swift; sourceTree = "<group>"; };
		8385EA13295476110034E0F6 /* ProfileData.swift */ = {isa = PBXFileReference; lastKnownFileType = sourcecode.swift; path = ProfileData.swift; sourceTree = "<group>"; };
		8388DA5528C9C237008DE6FF /* TranslationImage.png */ = {isa = PBXFileReference; lastKnownFileType = image.png; path = TranslationImage.png; sourceTree = "<group>"; };
		8388DA5928C9E25D008DE6FF /* TabBarController.swift */ = {isa = PBXFileReference; lastKnownFileType = sourcecode.swift; path = TabBarController.swift; sourceTree = "<group>"; };
		8388DA5B28CA3770008DE6FF /* EditStudyViewContoller.swift */ = {isa = PBXFileReference; lastKnownFileType = sourcecode.swift; path = EditStudyViewContoller.swift; sourceTree = "<group>"; };
		8389C3F9290A7C5C007347AE /* TimeLineViewController.swift */ = {isa = PBXFileReference; lastKnownFileType = sourcecode.swift; path = TimeLineViewController.swift; sourceTree = "<group>"; };
		8389C3FB290A7C6A007347AE /* LoginViewController.swift */ = {isa = PBXFileReference; lastKnownFileType = sourcecode.swift; path = LoginViewController.swift; sourceTree = "<group>"; };
		8389C3FD290ABDBC007347AE /* ProfileViewController.swift */ = {isa = PBXFileReference; lastKnownFileType = sourcecode.swift; path = ProfileViewController.swift; sourceTree = "<group>"; };
		838F3F9F293A207B004A0FDF /* ThirdPhraseWordViewController.swift */ = {isa = PBXFileReference; lastKnownFileType = sourcecode.swift; path = ThirdPhraseWordViewController.swift; sourceTree = "<group>"; };
		83920A9D290B946100F1F2D6 /* CustomCellForIntroduction.swift */ = {isa = PBXFileReference; lastKnownFileType = sourcecode.swift; path = CustomCellForIntroduction.swift; sourceTree = "<group>"; };
		83920A9E290B946100F1F2D6 /* CustomCellForIntroduction.xib */ = {isa = PBXFileReference; lastKnownFileType = file.xib; path = CustomCellForIntroduction.xib; sourceTree = "<group>"; };
		83920AA1290BA6FB00F1F2D6 /* FireBaseRelatedPath.swift */ = {isa = PBXFileReference; lastKnownFileType = sourcecode.swift; path = FireBaseRelatedPath.swift; sourceTree = "<group>"; };
		83920AA3290BB2BE00F1F2D6 /* EditProfileViewController.swift */ = {isa = PBXFileReference; lastKnownFileType = sourcecode.swift; path = EditProfileViewController.swift; sourceTree = "<group>"; };
		83966BF528E8C1060098A39E /* CustomCellForStudy.swift */ = {isa = PBXFileReference; lastKnownFileType = sourcecode.swift; path = CustomCellForStudy.swift; sourceTree = "<group>"; };
		83966BF628E8C1060098A39E /* CustomCellForStudy.xib */ = {isa = PBXFileReference; lastKnownFileType = file.xib; path = CustomCellForStudy.xib; sourceTree = "<group>"; };
		8396C0B22916ABF40034EDE7 /* CommentsHistoryViewController.swift */ = {isa = PBXFileReference; lastKnownFileType = sourcecode.swift; path = CommentsHistoryViewController.swift; sourceTree = "<group>"; };
		83975FE42941DFEE00852A58 /* OthersPostedCommentsHistoryViewController.swift */ = {isa = PBXFileReference; lastKnownFileType = sourcecode.swift; path = OthersPostedCommentsHistoryViewController.swift; sourceTree = "<group>"; };
		839FBA3028BA0F7000BB64A5 /* TranslateViewController.swift */ = {isa = PBXFileReference; lastKnownFileType = sourcecode.swift; path = TranslateViewController.swift; sourceTree = "<group>"; };
		839FBA3228BA101200BB64A5 /* FolderViewController.swift */ = {isa = PBXFileReference; lastKnownFileType = sourcecode.swift; path = FolderViewController.swift; sourceTree = "<group>"; };
		839FBA3828BA5C8900BB64A5 /* APIKey.plist */ = {isa = PBXFileReference; lastKnownFileType = text.plist.xml; path = APIKey.plist; sourceTree = "<group>"; };
		839FBA3A28BA602700BB64A5 /* KeyManager.swift */ = {isa = PBXFileReference; lastKnownFileType = sourcecode.swift; path = KeyManager.swift; sourceTree = "<group>"; };
		83A1D5C6290EC69D00B6F18A /* IntroductionViewController.swift */ = {isa = PBXFileReference; lastKnownFileType = sourcecode.swift; path = IntroductionViewController.swift; sourceTree = "<group>"; };
		83A2E1AF29019CA100F1117A /* SelectFolderForStudyViewContoller.swift */ = {isa = PBXFileReference; lastKnownFileType = sourcecode.swift; path = SelectFolderForStudyViewContoller.swift; sourceTree = "<group>"; };
		83A564C828D7630300C3A9B9 /* PhraseWordViewController.swift */ = {isa = PBXFileReference; lastKnownFileType = sourcecode.swift; path = PhraseWordViewController.swift; sourceTree = "<group>"; };
		83A7917728F6654300BF7C2D /* SettingsForStudyViewController.swift */ = {isa = PBXFileReference; lastKnownFileType = sourcecode.swift; path = SettingsForStudyViewController.swift; sourceTree = "<group>"; };
		83AA2A772966AC3600D95D6E /* MessageUI.framework */ = {isa = PBXFileReference; lastKnownFileType = wrapper.framework; name = MessageUI.framework; path = System/Library/Frameworks/MessageUI.framework; sourceTree = SDKROOT; };
		83AC1DC628E4427D00576CF4 /* CustomCellForPhraseWord.swift */ = {isa = PBXFileReference; lastKnownFileType = sourcecode.swift; path = CustomCellForPhraseWord.swift; sourceTree = "<group>"; };
		83AC1DC728E4427D00576CF4 /* CustomCellForPhraseWord.xib */ = {isa = PBXFileReference; lastKnownFileType = file.xib; path = CustomCellForPhraseWord.xib; sourceTree = "<group>"; };
		83AD2C1A290A48AB009B0C84 /* SecondTabBarController.swift */ = {isa = PBXFileReference; lastKnownFileType = sourcecode.swift; path = SecondTabBarController.swift; sourceTree = "<group>"; };
		83AF317128CF037200FDA0E1 /* MemoForStudyViewController.swift */ = {isa = PBXFileReference; lastKnownFileType = sourcecode.swift; path = MemoForStudyViewController.swift; sourceTree = "<group>"; };
		83AF317528CF863100FDA0E1 /* HistoryViewContoller.swift */ = {isa = PBXFileReference; lastKnownFileType = sourcecode.swift; path = HistoryViewContoller.swift; sourceTree = "<group>"; };
		83B6AF1B28E71E8C00700DBF /* ReviewViewController.swift */ = {isa = PBXFileReference; lastKnownFileType = sourcecode.swift; path = ReviewViewController.swift; sourceTree = "<group>"; };
		83B6AF1D28E7254000700DBF /* CustomCellForReview.swift */ = {isa = PBXFileReference; lastKnownFileType = sourcecode.swift; path = CustomCellForReview.swift; sourceTree = "<group>"; };
		83B6AF1E28E7254000700DBF /* CustomCellForReview.xib */ = {isa = PBXFileReference; lastKnownFileType = file.xib; path = CustomCellForReview.xib; sourceTree = "<group>"; };
		83B9C1F928CFF10B006138E2 /* CustomCellForHistory.swift */ = {isa = PBXFileReference; lastKnownFileType = sourcecode.swift; path = CustomCellForHistory.swift; sourceTree = "<group>"; };
		83B9C1FA28CFF10B006138E2 /* CustomCellForHistory.xib */ = {isa = PBXFileReference; lastKnownFileType = file.xib; path = CustomCellForHistory.xib; sourceTree = "<group>"; };
		83B9C1FD28D2F31B006138E2 /* RecordViewController.swift */ = {isa = PBXFileReference; lastKnownFileType = sourcecode.swift; path = RecordViewController.swift; sourceTree = "<group>"; };
		83B9C1FF28D3050E006138E2 /* CustomCellForRecord.swift */ = {isa = PBXFileReference; lastKnownFileType = sourcecode.swift; path = CustomCellForRecord.swift; sourceTree = "<group>"; };
		83B9C20028D3050E006138E2 /* CustomCellForRecord.xib */ = {isa = PBXFileReference; lastKnownFileType = file.xib; path = CustomCellForRecord.xib; sourceTree = "<group>"; };
		83B9C20328D3132D006138E2 /* EditRecordViewController.swift */ = {isa = PBXFileReference; lastKnownFileType = sourcecode.swift; path = EditRecordViewController.swift; sourceTree = "<group>"; };
		83B9C20528D39997006138E2 /* AddViewController.swift */ = {isa = PBXFileReference; lastKnownFileType = sourcecode.swift; path = AddViewController.swift; sourceTree = "<group>"; };
		83BC07ED291ABCFC001FFE61 /* BookMarkCommentsSectionViewController.swift */ = {isa = PBXFileReference; lastKnownFileType = sourcecode.swift; path = BookMarkCommentsSectionViewController.swift; sourceTree = "<group>"; };
		83BC07EF291B84FC001FFE61 /* OthersBookMarkViewController.swift */ = {isa = PBXFileReference; lastKnownFileType = sourcecode.swift; path = OthersBookMarkViewController.swift; sourceTree = "<group>"; };
		83BC07F1291B8520001FFE61 /* OthersBookMarkCommentsSectionViewController.swift */ = {isa = PBXFileReference; lastKnownFileType = sourcecode.swift; path = OthersBookMarkCommentsSectionViewController.swift; sourceTree = "<group>"; };
		83C15AF928BF451F00280694 /* SelectFolderForTranslateViewContoller.swift */ = {isa = PBXFileReference; lastKnownFileType = sourcecode.swift; path = SelectFolderForTranslateViewContoller.swift; sourceTree = "<group>"; };
		83C292162912E92D00386EE9 /* CustomCellForTimeLine.swift */ = {isa = PBXFileReference; lastKnownFileType = sourcecode.swift; path = CustomCellForTimeLine.swift; sourceTree = "<group>"; };
		83C292172912E92D00386EE9 /* CustomCellForTimeLine.xib */ = {isa = PBXFileReference; lastKnownFileType = file.xib; path = CustomCellForTimeLine.xib; sourceTree = "<group>"; };
		83C2921A29137FF000386EE9 /* PostData.swift */ = {isa = PBXFileReference; lastKnownFileType = sourcecode.swift; path = PostData.swift; sourceTree = "<group>"; };
		83C2CC98291D13EC00A671AE /* CorrectViewController.swift */ = {isa = PBXFileReference; lastKnownFileType = sourcecode.swift; path = CorrectViewController.swift; sourceTree = "<group>"; };
		83C2CC9A291D1BF600A671AE /* HowToLearnViewController.swift */ = {isa = PBXFileReference; lastKnownFileType = sourcecode.swift; path = HowToLearnViewController.swift; sourceTree = "<group>"; };
		83C2CC9C291D1C6500A671AE /* WordViewController.swift */ = {isa = PBXFileReference; lastKnownFileType = sourcecode.swift; path = WordViewController.swift; sourceTree = "<group>"; };
		83C2CC9E291D1CA400A671AE /* GrammerViewController.swift */ = {isa = PBXFileReference; lastKnownFileType = sourcecode.swift; path = GrammerViewController.swift; sourceTree = "<group>"; };
		83C2CCA0291D1CD000A671AE /* ConversationViewController.swift */ = {isa = PBXFileReference; lastKnownFileType = sourcecode.swift; path = ConversationViewController.swift; sourceTree = "<group>"; };
		83C2CCA2291D1CF500A671AE /* ListeningViewController.swift */ = {isa = PBXFileReference; lastKnownFileType = sourcecode.swift; path = ListeningViewController.swift; sourceTree = "<group>"; };
		83C2CCA4291D1D1900A671AE /* PronunciationViewController.swift */ = {isa = PBXFileReference; lastKnownFileType = sourcecode.swift; path = PronunciationViewController.swift; sourceTree = "<group>"; };
		83C2CCA6291D1D4100A671AE /* CertificationViewController.swift */ = {isa = PBXFileReference; lastKnownFileType = sourcecode.swift; path = CertificationViewController.swift; sourceTree = "<group>"; };
		83C2CCA8291D1D5E00A671AE /* EtcViewController.swift */ = {isa = PBXFileReference; lastKnownFileType = sourcecode.swift; path = EtcViewController.swift; sourceTree = "<group>"; };
		83CE5510293F5FF300B9E698 /* PostedCommentsHistoryViewController.swift */ = {isa = PBXFileReference; lastKnownFileType = sourcecode.swift; path = PostedCommentsHistoryViewController.swift; sourceTree = "<group>"; };
		83D29A6A291BDC6000DFF928 /* SecondPagingViewController.swift */ = {isa = PBXFileReference; lastKnownFileType = sourcecode.swift; path = SecondPagingViewController.swift; sourceTree = "<group>"; };
		83D896312913F5CD00E570AD /* CommentSectionViewController.swift */ = {isa = PBXFileReference; lastKnownFileType = sourcecode.swift; path = CommentSectionViewController.swift; sourceTree = "<group>"; };
		83D896332914190500E570AD /* InputCommentViewController.swift */ = {isa = PBXFileReference; lastKnownFileType = sourcecode.swift; path = InputCommentViewController.swift; sourceTree = "<group>"; };
		83D8963529141D9500E570AD /* CustomCellForCommentSetion.swift */ = {isa = PBXFileReference; lastKnownFileType = sourcecode.swift; path = CustomCellForCommentSetion.swift; sourceTree = "<group>"; };
		83D8963629141D9500E570AD /* CustomCellForCommentSetion.xib */ = {isa = PBXFileReference; lastKnownFileType = file.xib; path = CustomCellForCommentSetion.xib; sourceTree = "<group>"; };
		83F021B028C0CC56009FFDD2 /* StudyViewController.swift */ = {isa = PBXFileReference; lastKnownFileType = sourcecode.swift; path = StudyViewController.swift; sourceTree = "<group>"; };
		C116E1FDCFAEA5860B3B5F33 /* Pods-TranslationApp.debug.xcconfig */ = {isa = PBXFileReference; includeInIndex = 1; lastKnownFileType = text.xcconfig; name = "Pods-TranslationApp.debug.xcconfig"; path = "Target Support Files/Pods-TranslationApp/Pods-TranslationApp.debug.xcconfig"; sourceTree = "<group>"; };
/* End PBXFileReference section */

/* Begin PBXFrameworksBuildPhase section */
		83071CF228B91AC70003734C /* Frameworks */ = {
			isa = PBXFrameworksBuildPhase;
			buildActionMask = 2147483647;
			files = (
				83AA2A782966AC3700D95D6E /* MessageUI.framework in Frameworks */,
				8389C405290AC6AF007347AE /* Alamofire in Frameworks */,
				839238032930D0C0005B0741 /* Alamofire in Frameworks */,
				83A051F929647858006BCB39 /* Alamofire in Frameworks */,
				83A2E1AB2901023700F1117A /* Alamofire in Frameworks */,
				8378EB4029652137007655C9 /* Alamofire in Frameworks */,
				8389C3F8290A7993007347AE /* Alamofire in Frameworks */,
				839CDF632906939100F78F44 /* Alamofire in Frameworks */,
				8382FD4628F987B20021715C /* Alamofire in Frameworks */,
				83734B75291E62F8007B9A72 /* Alamofire in Frameworks */,
				83724E98291926EA0074ED1E /* Alamofire in Frameworks */,
				83887BA2296312F800CA644D /* Alamofire in Frameworks */,
				835B38DE294B5DDA00D42F50 /* Alamofire in Frameworks */,
				8342F77728FD760E005C8FD5 /* Alamofire in Frameworks */,
				83A2E1AE29018C5D00F1117A /* Alamofire in Frameworks */,
				8379101C29504682000790AB /* Alamofire in Frameworks */,
				839EBCEC2924C540003E8393 /* Alamofire in Frameworks */,
				8389C401290AC663007347AE /* Pods_TranslationApp.framework in Frameworks */,
				8382E93D28F728E100877DD8 /* Alamofire in Frameworks */,
				838085F72926728C00574D2D /* Alamofire in Frameworks */,
			);
			runOnlyForDeploymentPostprocessing = 0;
		};
/* End PBXFrameworksBuildPhase section */

/* Begin PBXGroup section */
		26C17DCEBE26960103506E4A /* Frameworks */ = {
			isa = PBXGroup;
			children = (
				83AA2A772966AC3600D95D6E /* MessageUI.framework */,
				5AE466AC2454DC7D2D0C0F52 /* Pods_TranslationApp.framework */,
			);
			name = Frameworks;
			sourceTree = "<group>";
		};
		83071CEC28B91AC70003734C = {
			isa = PBXGroup;
			children = (
				83071CF728B91AC70003734C /* TranslationApp */,
				83071CF628B91AC70003734C /* Products */,
				C1EE7F81A77D0C5F9E5E2A03 /* Pods */,
				26C17DCEBE26960103506E4A /* Frameworks */,
			);
			sourceTree = "<group>";
		};
		83071CF628B91AC70003734C /* Products */ = {
			isa = PBXGroup;
			children = (
				83071CF528B91AC70003734C /* DeepL翻訳＋瞬間英作文.app */,
			);
			name = Products;
			sourceTree = "<group>";
		};
		83071CF728B91AC70003734C /* TranslationApp */ = {
			isa = PBXGroup;
			children = (
				83071CF828B91AC70003734C /* AppDelegate.swift */,
				83071CFA28B91AC70003734C /* SceneDelegate.swift */,
				83071D0628B91AC90003734C /* Info.plist */,
				836D1F89290A52360075AFEE /* GoogleService-Info.plist */,
				839FBA3828BA5C8900BB64A5 /* APIKey.plist */,
				8356E94F29046E4100FD9236 /* Model */,
				8356E95029046E7000FD9236 /* View */,
				8356E953290496F900FD9236 /* Controller For XIB */,
				8356E9522904708C00FD9236 /* Controller */,
			);
			path = TranslationApp;
			sourceTree = "<group>";
		};
		8356E94F29046E4100FD9236 /* Model */ = {
			isa = PBXGroup;
			children = (
				839FBA3A28BA602700BB64A5 /* KeyManager.swift */,
				83C2921A29137FF000386EE9 /* PostData.swift */,
				837D41E829150F4C00A80342 /* SecondPostData.swift */,
				8385EA13295476110034E0F6 /* ProfileData.swift */,
				835B38E1294C833500D42F50 /* MessageEntity.swift */,
				835B38E3294C839F00D42F50 /* MessageSenderType.swift */,
				835B38EB2950070100D42F50 /* ChatList.swift */,
				8385EA0D2951858A0034E0F6 /* ChatRoom.swift */,
				837CD1B228BE264F00823D17 /* TranslationFolder.swift */,
				8356E9542905574500FD9236 /* History.swift */,
				8356E9562905584500FD9236 /* Record.swift */,
				8356E95829055BCC00FD9236 /* PhraseWord.swift */,
				8356E95B2906407500FD9236 /* FirstMemo.swift */,
				8356E95D290642D800FD9236 /* Speak.swift */,
			);
			path = Model;
			sourceTree = "<group>";
		};
		8356E95029046E7000FD9236 /* View */ = {
			isa = PBXGroup;
			children = (
				8388DA5528C9C237008DE6FF /* TranslationImage.png */,
				83071CFE28B91AC70003734C /* Main.storyboard */,
				83071D0328B91AC90003734C /* LaunchScreen.storyboard */,
				83920A9E290B946100F1F2D6 /* CustomCellForIntroduction.xib */,
				83C292172912E92D00386EE9 /* CustomCellForTimeLine.xib */,
				83D8963629141D9500E570AD /* CustomCellForCommentSetion.xib */,
				83833544290F60CF00C374F9 /* CustomCellForEditProfile.xib */,
				83AC1DC728E4427D00576CF4 /* CustomCellForPhraseWord.xib */,
				83966BF628E8C1060098A39E /* CustomCellForStudy.xib */,
				83B9C1FA28CFF10B006138E2 /* CustomCellForHistory.xib */,
				83B9C20028D3050E006138E2 /* CustomCellForRecord.xib */,
				83B6AF1E28E7254000700DBF /* CustomCellForReview.xib */,
				83071D0128B91AC90003734C /* Assets.xcassets */,
			);
			path = View;
			sourceTree = "<group>";
		};
		8356E9522904708C00FD9236 /* Controller */ = {
			isa = PBXGroup;
			children = (
				832D4CAF28D848B5004C4D7C /* QuickMemoViewContoller.swift */,
				83AD2C1A290A48AB009B0C84 /* SecondTabBarController.swift */,
				8389C3F5290A6677007347AE /* Contents Of SecondTabBar */,
				8356E95F2906467C00FD9236 /* Contents Of TabBar */,
			);
			path = Controller;
			sourceTree = "<group>";
		};
		8356E953290496F900FD9236 /* Controller For XIB */ = {
			isa = PBXGroup;
			children = (
				83920A9D290B946100F1F2D6 /* CustomCellForIntroduction.swift */,
				83C292162912E92D00386EE9 /* CustomCellForTimeLine.swift */,
				83D8963529141D9500E570AD /* CustomCellForCommentSetion.swift */,
				83833543290F60CF00C374F9 /* CustomCellForEditProfile.swift */,
				83AC1DC628E4427D00576CF4 /* CustomCellForPhraseWord.swift */,
				83966BF528E8C1060098A39E /* CustomCellForStudy.swift */,
				83B9C1F928CFF10B006138E2 /* CustomCellForHistory.swift */,
				83B9C1FF28D3050E006138E2 /* CustomCellForRecord.swift */,
				83B6AF1D28E7254000700DBF /* CustomCellForReview.swift */,
			);
			path = "Controller For XIB";
			sourceTree = "<group>";
		};
		8356E95F2906467C00FD9236 /* Contents Of TabBar */ = {
			isa = PBXGroup;
			children = (
				8388DA5928C9E25D008DE6FF /* TabBarController.swift */,
				8356E9602906479700FD9236 /* PhraseWordViewController */,
				8356E961290647D200FD9236 /* FolderViewController */,
				8356E9622906480100FD9236 /* TranslateViewController */,
				8356E9632906482600FD9236 /* HistoryViewController */,
				8356E9642906484100FD9236 /* RecordViewController */,
			);
			path = "Contents Of TabBar";
			sourceTree = "<group>";
		};
		8356E9602906479700FD9236 /* PhraseWordViewController */ = {
			isa = PBXGroup;
			children = (
				8372AD8F2932E91500E230BF /* PagingPhraseWordViewController.swift */,
				83A564C828D7630300C3A9B9 /* PhraseWordViewController.swift */,
				8380CEEB29346006003B159E /* SecondPhraseWordViewController.swift */,
				838F3F9F293A207B004A0FDF /* ThirdPhraseWordViewController.swift */,
				837BB0EA2939B02000648011 /* AllPhraseWordViewController.swift */,
			);
			path = PhraseWordViewController;
			sourceTree = "<group>";
		};
		8356E961290647D200FD9236 /* FolderViewController */ = {
			isa = PBXGroup;
			children = (
				839FBA3228BA101200BB64A5 /* FolderViewController.swift */,
				83F021B028C0CC56009FFDD2 /* StudyViewController.swift */,
				83A7917728F6654300BF7C2D /* SettingsForStudyViewController.swift */,
				8388DA5B28CA3770008DE6FF /* EditStudyViewContoller.swift */,
				83A2E1AF29019CA100F1117A /* SelectFolderForStudyViewContoller.swift */,
				83AF317128CF037200FDA0E1 /* MemoForStudyViewController.swift */,
			);
			path = FolderViewController;
			sourceTree = "<group>";
		};
		8356E9622906480100FD9236 /* TranslateViewController */ = {
			isa = PBXGroup;
			children = (
				839FBA3028BA0F7000BB64A5 /* TranslateViewController.swift */,
				83C15AF928BF451F00280694 /* SelectFolderForTranslateViewContoller.swift */,
			);
			path = TranslateViewController;
			sourceTree = "<group>";
		};
		8356E9632906482600FD9236 /* HistoryViewController */ = {
			isa = PBXGroup;
			children = (
				83AF317528CF863100FDA0E1 /* HistoryViewContoller.swift */,
			);
			path = HistoryViewController;
			sourceTree = "<group>";
		};
		8356E9642906484100FD9236 /* RecordViewController */ = {
			isa = PBXGroup;
			children = (
				83B9C1FD28D2F31B006138E2 /* RecordViewController.swift */,
				83B6AF1B28E71E8C00700DBF /* ReviewViewController.swift */,
				83B9C20528D39997006138E2 /* AddViewController.swift */,
				83B9C20328D3132D006138E2 /* EditRecordViewController.swift */,
			);
			path = RecordViewController;
			sourceTree = "<group>";
		};
		8389C3F5290A6677007347AE /* Contents Of SecondTabBar */ = {
			isa = PBXGroup;
			children = (
				83D29A6A291BDC6000DFF928 /* SecondPagingViewController.swift */,
				8389C3F9290A7C5C007347AE /* TimeLineViewController.swift */,
				83C2CC98291D13EC00A671AE /* CorrectViewController.swift */,
				83C2CC9A291D1BF600A671AE /* HowToLearnViewController.swift */,
				83C2CC9C291D1C6500A671AE /* WordViewController.swift */,
				83C2CC9E291D1CA400A671AE /* GrammerViewController.swift */,
				83C2CCA0291D1CD000A671AE /* ConversationViewController.swift */,
				83C2CCA2291D1CF500A671AE /* ListeningViewController.swift */,
				83C2CCA4291D1D1900A671AE /* PronunciationViewController.swift */,
				83C2CCA6291D1D4100A671AE /* CertificationViewController.swift */,
				83C2CCA8291D1D5E00A671AE /* EtcViewController.swift */,
				838085F32926073900574D2D /* SearchViewController.swift */,
				8385E72B2918C92F00DBDBAC /* OthersProfileViewController.swift */,
				8385E72D2918D12800DBDBAC /* OthersIntroductionViewController.swift */,
				8385E72F2918D14300DBDBAC /* OthersPostsHistoryViewController.swift */,
				83975FE42941DFEE00852A58 /* OthersPostedCommentsHistoryViewController.swift */,
				8385E7312918D16100DBDBAC /* OthersCommentsHistoryViewController.swift */,
				83BC07EF291B84FC001FFE61 /* OthersBookMarkViewController.swift */,
				83BC07F1291B8520001FFE61 /* OthersBookMarkCommentsSectionViewController.swift */,
				83D896332914190500E570AD /* InputCommentViewController.swift */,
				83D896312913F5CD00E570AD /* CommentSectionViewController.swift */,
				830D9FF32912DE2000F8761B /* PostViewController.swift */,
				8389C3FD290ABDBC007347AE /* ProfileViewController.swift */,
				83920AA3290BB2BE00F1F2D6 /* EditProfileViewController.swift */,
				83A1D5C6290EC69D00B6F18A /* IntroductionViewController.swift */,
				836E69B4290EB9CD00048398 /* PostsHistoryViewController.swift */,
				83CE5510293F5FF300B9E698 /* PostedCommentsHistoryViewController.swift */,
				8385E729291816C100DBDBAC /* BookMarkViewController.swift */,
				83BC07ED291ABCFC001FFE61 /* BookMarkCommentsSectionViewController.swift */,
				8396C0B22916ABF40034EDE7 /* CommentsHistoryViewController.swift */,
				835B38E5294FF58D00D42F50 /* ChatListViewController.swift */,
				835B38DF294C82B000D42F50 /* ChatRoomViewController.swift */,
				8389C3FB290A7C6A007347AE /* LoginViewController.swift */,
				83920AA1290BA6FB00F1F2D6 /* FireBaseRelatedPath.swift */,
			);
			path = "Contents Of SecondTabBar";
			sourceTree = "<group>";
		};
		C1EE7F81A77D0C5F9E5E2A03 /* Pods */ = {
			isa = PBXGroup;
			children = (
				C116E1FDCFAEA5860B3B5F33 /* Pods-TranslationApp.debug.xcconfig */,
				76A5CC4D0934ACC4BB7691D9 /* Pods-TranslationApp.release.xcconfig */,
			);
			path = Pods;
			sourceTree = "<group>";
		};
/* End PBXGroup section */

/* Begin PBXNativeTarget section */
		83071CF428B91AC70003734C /* TranslationApp */ = {
			isa = PBXNativeTarget;
			buildConfigurationList = 83071D0928B91AC90003734C /* Build configuration list for PBXNativeTarget "TranslationApp" */;
			buildPhases = (
				04B5B7BCA5BB9CCAD2CCCB20 /* [CP] Check Pods Manifest.lock */,
				83071CF128B91AC70003734C /* Sources */,
				83071CF228B91AC70003734C /* Frameworks */,
				83071CF328B91AC70003734C /* Resources */,
				836F9AAA2908D01C00EB9C70 /* ShellScript */,
				A7AB4DDB0951B51817300D76 /* [CP] Embed Pods Frameworks */,
			);
			buildRules = (
			);
			dependencies = (
			);
			name = TranslationApp;
			packageProductDependencies = (
				8382E93C28F728E100877DD8 /* Alamofire */,
				8382FD4528F987B20021715C /* Alamofire */,
				8342F77628FD760E005C8FD5 /* Alamofire */,
				83A2E1AA2901023700F1117A /* Alamofire */,
				83A2E1AD29018C5D00F1117A /* Alamofire */,
				839CDF622906939100F78F44 /* Alamofire */,
				8389C3F7290A7993007347AE /* Alamofire */,
				8389C404290AC6AF007347AE /* Alamofire */,
				83724E97291926EA0074ED1E /* Alamofire */,
				83734B74291E62F8007B9A72 /* Alamofire */,
				839EBCEB2924C540003E8393 /* Alamofire */,
				838085F62926728C00574D2D /* Alamofire */,
				839238022930D0C0005B0741 /* Alamofire */,
				835B38DD294B5DDA00D42F50 /* Alamofire */,
				8379101B29504682000790AB /* Alamofire */,
				83887BA1296312F800CA644D /* Alamofire */,
				83A051F829647858006BCB39 /* Alamofire */,
				8378EB3F29652137007655C9 /* Alamofire */,
			);
			productName = TranslationApp;
			productReference = 83071CF528B91AC70003734C /* DeepL翻訳＋瞬間英作文.app */;
			productType = "com.apple.product-type.application";
		};
/* End PBXNativeTarget section */

/* Begin PBXProject section */
		83071CED28B91AC70003734C /* Project object */ = {
			isa = PBXProject;
			attributes = {
				BuildIndependentTargetsInParallel = 1;
				LastSwiftUpdateCheck = 1340;
				LastUpgradeCheck = 1340;
				TargetAttributes = {
					83071CF428B91AC70003734C = {
						CreatedOnToolsVersion = 13.4.1;
					};
				};
			};
			buildConfigurationList = 83071CF028B91AC70003734C /* Build configuration list for PBXProject "TranslationApp" */;
			compatibilityVersion = "Xcode 13.0";
			developmentRegion = en;
			hasScannedForEncodings = 0;
			knownRegions = (
				en,
				Base,
			);
			mainGroup = 83071CEC28B91AC70003734C;
			packageReferences = (
				839FBA3C28BA676E00BB64A5 /* XCRemoteSwiftPackageReference "Alamofire" */,
				83D3020028DB5EFA007EFF7E /* XCRemoteSwiftPackageReference "Alamofire" */,
				832A86AD28E15572002FB368 /* XCRemoteSwiftPackageReference "Alamofire" */,
				83F41A6A28F2998C004F653F /* XCRemoteSwiftPackageReference "Alamofire" */,
				83F41A8F28F3D906004F653F /* XCRemoteSwiftPackageReference "Alamofire" */,
				8382E93B28F728E100877DD8 /* XCRemoteSwiftPackageReference "Alamofire" */,
				8382FD4428F987B20021715C /* XCRemoteSwiftPackageReference "Alamofire" */,
				8342F77528FD760E005C8FD5 /* XCRemoteSwiftPackageReference "Alamofire" */,
				83A2E1A92901023700F1117A /* XCRemoteSwiftPackageReference "Alamofire" */,
				83A2E1AC29018C5D00F1117A /* XCRemoteSwiftPackageReference "Alamofire" */,
				839CDF612906939100F78F44 /* XCRemoteSwiftPackageReference "Alamofire" */,
				8389C3F6290A7993007347AE /* XCRemoteSwiftPackageReference "Alamofire" */,
				8389C403290AC6AF007347AE /* XCRemoteSwiftPackageReference "Alamofire" */,
				83724E96291926EA0074ED1E /* XCRemoteSwiftPackageReference "Alamofire" */,
				83734B73291E62F8007B9A72 /* XCRemoteSwiftPackageReference "Alamofire" */,
				839EBCEA2924C540003E8393 /* XCRemoteSwiftPackageReference "Alamofire" */,
				838085F52926728C00574D2D /* XCRemoteSwiftPackageReference "Alamofire" */,
				839238012930D0C0005B0741 /* XCRemoteSwiftPackageReference "Alamofire" */,
				831398C0293A1395005B7B5D /* XCRemoteSwiftPackageReference "Alamofire" */,
				835B38DC294B5DDA00D42F50 /* XCRemoteSwiftPackageReference "Alamofire" */,
				8379101A29504682000790AB /* XCRemoteSwiftPackageReference "Alamofire" */,
				83887BA0296312F800CA644D /* XCRemoteSwiftPackageReference "Alamofire" */,
				83A051F729647858006BCB39 /* XCRemoteSwiftPackageReference "Alamofire" */,
				8378EB3E29652137007655C9 /* XCRemoteSwiftPackageReference "Alamofire" */,
			);
			productRefGroup = 83071CF628B91AC70003734C /* Products */;
			projectDirPath = "";
			projectRoot = "";
			targets = (
				83071CF428B91AC70003734C /* TranslationApp */,
			);
		};
/* End PBXProject section */

/* Begin PBXResourcesBuildPhase section */
		83071CF328B91AC70003734C /* Resources */ = {
			isa = PBXResourcesBuildPhase;
			buildActionMask = 2147483647;
			files = (
				83071D0528B91AC90003734C /* LaunchScreen.storyboard in Resources */,
				83833546290F60CF00C374F9 /* CustomCellForEditProfile.xib in Resources */,
				83B6AF2028E7254000700DBF /* CustomCellForReview.xib in Resources */,
				839FBA3928BA5C8900BB64A5 /* APIKey.plist in Resources */,
				83071D0228B91AC90003734C /* Assets.xcassets in Resources */,
				83B9C1FC28CFF10B006138E2 /* CustomCellForHistory.xib in Resources */,
				83071D0028B91AC70003734C /* Main.storyboard in Resources */,
				83C292192912E92D00386EE9 /* CustomCellForTimeLine.xib in Resources */,
				83D8963829141D9500E570AD /* CustomCellForCommentSetion.xib in Resources */,
				8388DA5628C9C238008DE6FF /* TranslationImage.png in Resources */,
				83AC1DC928E4427D00576CF4 /* CustomCellForPhraseWord.xib in Resources */,
				83920AA0290B946100F1F2D6 /* CustomCellForIntroduction.xib in Resources */,
				836D1F8A290A52360075AFEE /* GoogleService-Info.plist in Resources */,
				83966BF828E8C1060098A39E /* CustomCellForStudy.xib in Resources */,
				83B9C20228D3050E006138E2 /* CustomCellForRecord.xib in Resources */,
			);
			runOnlyForDeploymentPostprocessing = 0;
		};
/* End PBXResourcesBuildPhase section */

/* Begin PBXShellScriptBuildPhase section */
		04B5B7BCA5BB9CCAD2CCCB20 /* [CP] Check Pods Manifest.lock */ = {
			isa = PBXShellScriptBuildPhase;
			buildActionMask = 2147483647;
			files = (
			);
			inputFileListPaths = (
			);
			inputPaths = (
				"${PODS_PODFILE_DIR_PATH}/Podfile.lock",
				"${PODS_ROOT}/Manifest.lock",
			);
			name = "[CP] Check Pods Manifest.lock";
			outputFileListPaths = (
			);
			outputPaths = (
				"$(DERIVED_FILE_DIR)/Pods-TranslationApp-checkManifestLockResult.txt",
			);
			runOnlyForDeploymentPostprocessing = 0;
			shellPath = /bin/sh;
			shellScript = "diff \"${PODS_PODFILE_DIR_PATH}/Podfile.lock\" \"${PODS_ROOT}/Manifest.lock\" > /dev/null\nif [ $? != 0 ] ; then\n    # print error to STDERR\n    echo \"error: The sandbox is not in sync with the Podfile.lock. Run 'pod install' or update your CocoaPods installation.\" >&2\n    exit 1\nfi\n# This output is used by Xcode 'outputs' to avoid re-running this script phase.\necho \"SUCCESS\" > \"${SCRIPT_OUTPUT_FILE_0}\"\n";
			showEnvVarsInLog = 0;
		};
		836F9AAA2908D01C00EB9C70 /* ShellScript */ = {
			isa = PBXShellScriptBuildPhase;
			buildActionMask = 2147483647;
			files = (
			);
			inputFileListPaths = (
			);
			inputPaths = (
			);
			outputFileListPaths = (
			);
			outputPaths = (
			);
			runOnlyForDeploymentPostprocessing = 0;
			shellPath = /bin/sh;
			shellScript = "$ Pods/SwiftFormat/CommandLineTool/swiftformat .\n$ Pods/SwiftFormat/CommandLineTool/swiftformat . --self insert\n\"${PODS_ROOT}/SwiftFormat/CommandLineTool/swiftformat\" . --self insert\n";
		};
		A7AB4DDB0951B51817300D76 /* [CP] Embed Pods Frameworks */ = {
			isa = PBXShellScriptBuildPhase;
			buildActionMask = 2147483647;
			files = (
			);
			inputFileListPaths = (
				"${PODS_ROOT}/Target Support Files/Pods-TranslationApp/Pods-TranslationApp-frameworks-${CONFIGURATION}-input-files.xcfilelist",
			);
			name = "[CP] Embed Pods Frameworks";
			outputFileListPaths = (
				"${PODS_ROOT}/Target Support Files/Pods-TranslationApp/Pods-TranslationApp-frameworks-${CONFIGURATION}-output-files.xcfilelist",
			);
			runOnlyForDeploymentPostprocessing = 0;
			shellPath = /bin/sh;
			shellScript = "\"${PODS_ROOT}/Target Support Files/Pods-TranslationApp/Pods-TranslationApp-frameworks.sh\"\n";
			showEnvVarsInLog = 0;
		};
/* End PBXShellScriptBuildPhase section */

/* Begin PBXSourcesBuildPhase section */
		83071CF128B91AC70003734C /* Sources */ = {
			isa = PBXSourcesBuildPhase;
			buildActionMask = 2147483647;
			files = (
				83C2CCA5291D1D1900A671AE /* PronunciationViewController.swift in Sources */,
				83920A9F290B946100F1F2D6 /* CustomCellForIntroduction.swift in Sources */,
				83B9C20428D3132D006138E2 /* EditRecordViewController.swift in Sources */,
				8356E9552905574500FD9236 /* History.swift in Sources */,
				835B38EC2950070200D42F50 /* ChatList.swift in Sources */,
				83D896342914190500E570AD /* InputCommentViewController.swift in Sources */,
				83AD2C1B290A48AB009B0C84 /* SecondTabBarController.swift in Sources */,
				83A2E1B029019CA100F1117A /* SelectFolderForStudyViewContoller.swift in Sources */,
				8385EA0E2951858B0034E0F6 /* ChatRoom.swift in Sources */,
				8385E7302918D14300DBDBAC /* OthersPostsHistoryViewController.swift in Sources */,
				8356E9572905584500FD9236 /* Record.swift in Sources */,
				83BC07F2291B8520001FFE61 /* OthersBookMarkCommentsSectionViewController.swift in Sources */,
				83975FE52941DFEE00852A58 /* OthersPostedCommentsHistoryViewController.swift in Sources */,
				83966BF728E8C1060098A39E /* CustomCellForStudy.swift in Sources */,
				8356E95C2906407500FD9236 /* FirstMemo.swift in Sources */,
				83C2921B29137FF000386EE9 /* PostData.swift in Sources */,
				83B9C20128D3050E006138E2 /* CustomCellForRecord.swift in Sources */,
				83D29A6B291BDC6000DFF928 /* SecondPagingViewController.swift in Sources */,
				836E69B5290EB9CD00048398 /* PostsHistoryViewController.swift in Sources */,
				83BC07EE291ABCFC001FFE61 /* BookMarkCommentsSectionViewController.swift in Sources */,
				83833545290F60CF00C374F9 /* CustomCellForEditProfile.swift in Sources */,
				838F3FA0293A207B004A0FDF /* ThirdPhraseWordViewController.swift in Sources */,
				83B6AF1C28E71E8C00700DBF /* ReviewViewController.swift in Sources */,
				83920AA2290BA6FB00F1F2D6 /* FireBaseRelatedPath.swift in Sources */,
				83B9C20628D39997006138E2 /* AddViewController.swift in Sources */,
				839FBA3128BA0F7000BB64A5 /* TranslateViewController.swift in Sources */,
				83920AA4290BB2BE00F1F2D6 /* EditProfileViewController.swift in Sources */,
				83C2CCA7291D1D4100A671AE /* CertificationViewController.swift in Sources */,
				835B38E2294C833500D42F50 /* MessageEntity.swift in Sources */,
				83A1D5C7290EC69D00B6F18A /* IntroductionViewController.swift in Sources */,
				8372AD902932E91500E230BF /* PagingPhraseWordViewController.swift in Sources */,
				835B38E0294C82B000D42F50 /* ChatRoomViewController.swift in Sources */,
				83A564C928D7630300C3A9B9 /* PhraseWordViewController.swift in Sources */,
				83AC1DC828E4427D00576CF4 /* CustomCellForPhraseWord.swift in Sources */,
				839FBA3B28BA602700BB64A5 /* KeyManager.swift in Sources */,
				83B9C1FE28D2F31B006138E2 /* RecordViewController.swift in Sources */,
				8380CEEC29346006003B159E /* SecondPhraseWordViewController.swift in Sources */,
				8356E95929055BCC00FD9236 /* PhraseWord.swift in Sources */,
				8389C3FA290A7C5C007347AE /* TimeLineViewController.swift in Sources */,
				83AF317228CF037200FDA0E1 /* MemoForStudyViewController.swift in Sources */,
				837D41E929150F4C00A80342 /* SecondPostData.swift in Sources */,
				83C15AFA28BF451F00280694 /* SelectFolderForTranslateViewContoller.swift in Sources */,
				838085F42926073900574D2D /* SearchViewController.swift in Sources */,
				8385E72C2918C92F00DBDBAC /* OthersProfileViewController.swift in Sources */,
				832D4CB028D848B5004C4D7C /* QuickMemoViewContoller.swift in Sources */,
				83C292182912E92D00386EE9 /* CustomCellForTimeLine.swift in Sources */,
				83071CF928B91AC70003734C /* AppDelegate.swift in Sources */,
				837CD1B328BE264F00823D17 /* TranslationFolder.swift in Sources */,
				83C2CC99291D13EC00A671AE /* CorrectViewController.swift in Sources */,
				839FBA3328BA101200BB64A5 /* FolderViewController.swift in Sources */,
				8385E72E2918D12800DBDBAC /* OthersIntroductionViewController.swift in Sources */,
				83C2CCA1291D1CD000A671AE /* ConversationViewController.swift in Sources */,
				835B38E4294C839F00D42F50 /* MessageSenderType.swift in Sources */,
				830D9FF42912DE2000F8761B /* PostViewController.swift in Sources */,
				83B6AF1F28E7254000700DBF /* CustomCellForReview.swift in Sources */,
				83C2CC9D291D1C6500A671AE /* WordViewController.swift in Sources */,
				83CE5511293F5FF300B9E698 /* PostedCommentsHistoryViewController.swift in Sources */,
				83D8963729141D9500E570AD /* CustomCellForCommentSetion.swift in Sources */,
				83AF317628CF863100FDA0E1 /* HistoryViewContoller.swift in Sources */,
				83D896322913F5CD00E570AD /* CommentSectionViewController.swift in Sources */,
				8388DA5A28C9E25D008DE6FF /* TabBarController.swift in Sources */,
				83C2CCA3291D1CF500A671AE /* ListeningViewController.swift in Sources */,
				8356E95E290642D800FD9236 /* Speak.swift in Sources */,
				835B38E6294FF58D00D42F50 /* ChatListViewController.swift in Sources */,
				83A7917828F6654300BF7C2D /* SettingsForStudyViewController.swift in Sources */,
				83071CFB28B91AC70003734C /* SceneDelegate.swift in Sources */,
				8396C0B32916ABF40034EDE7 /* CommentsHistoryViewController.swift in Sources */,
				8389C3FC290A7C6A007347AE /* LoginViewController.swift in Sources */,
				8385E7322918D16100DBDBAC /* OthersCommentsHistoryViewController.swift in Sources */,
				83BC07F0291B84FC001FFE61 /* OthersBookMarkViewController.swift in Sources */,
				837BB0EB2939B02100648011 /* AllPhraseWordViewController.swift in Sources */,
				83C2CC9F291D1CA400A671AE /* GrammerViewController.swift in Sources */,
				83C2CC9B291D1BF600A671AE /* HowToLearnViewController.swift in Sources */,
				8385EA14295476110034E0F6 /* ProfileData.swift in Sources */,
				83B9C1FB28CFF10B006138E2 /* CustomCellForHistory.swift in Sources */,
				8389C3FE290ABDBC007347AE /* ProfileViewController.swift in Sources */,
				8388DA5C28CA3770008DE6FF /* EditStudyViewContoller.swift in Sources */,
				83C2CCA9291D1D5E00A671AE /* EtcViewController.swift in Sources */,
				8385E72A291816C100DBDBAC /* BookMarkViewController.swift in Sources */,
				83F021B128C0CC56009FFDD2 /* StudyViewController.swift in Sources */,
			);
			runOnlyForDeploymentPostprocessing = 0;
		};
/* End PBXSourcesBuildPhase section */

/* Begin PBXVariantGroup section */
		83071CFE28B91AC70003734C /* Main.storyboard */ = {
			isa = PBXVariantGroup;
			children = (
				83071CFF28B91AC70003734C /* Base */,
			);
			name = Main.storyboard;
			sourceTree = "<group>";
		};
		83071D0328B91AC90003734C /* LaunchScreen.storyboard */ = {
			isa = PBXVariantGroup;
			children = (
				83071D0428B91AC90003734C /* Base */,
			);
			name = LaunchScreen.storyboard;
			sourceTree = "<group>";
		};
/* End PBXVariantGroup section */

/* Begin XCBuildConfiguration section */
		83071D0728B91AC90003734C /* Debug */ = {
			isa = XCBuildConfiguration;
			buildSettings = {
				ALWAYS_SEARCH_USER_PATHS = NO;
				CLANG_ANALYZER_NONNULL = YES;
				CLANG_ANALYZER_NUMBER_OBJECT_CONVERSION = YES_AGGRESSIVE;
				CLANG_CXX_LANGUAGE_STANDARD = "gnu++17";
				CLANG_ENABLE_MODULES = YES;
				CLANG_ENABLE_OBJC_ARC = YES;
				CLANG_ENABLE_OBJC_WEAK = YES;
				CLANG_WARN_BLOCK_CAPTURE_AUTORELEASING = YES;
				CLANG_WARN_BOOL_CONVERSION = YES;
				CLANG_WARN_COMMA = YES;
				CLANG_WARN_CONSTANT_CONVERSION = YES;
				CLANG_WARN_DEPRECATED_OBJC_IMPLEMENTATIONS = YES;
				CLANG_WARN_DIRECT_OBJC_ISA_USAGE = YES_ERROR;
				CLANG_WARN_DOCUMENTATION_COMMENTS = YES;
				CLANG_WARN_EMPTY_BODY = YES;
				CLANG_WARN_ENUM_CONVERSION = YES;
				CLANG_WARN_INFINITE_RECURSION = YES;
				CLANG_WARN_INT_CONVERSION = YES;
				CLANG_WARN_NON_LITERAL_NULL_CONVERSION = YES;
				CLANG_WARN_OBJC_IMPLICIT_RETAIN_SELF = YES;
				CLANG_WARN_OBJC_LITERAL_CONVERSION = YES;
				CLANG_WARN_OBJC_ROOT_CLASS = YES_ERROR;
				CLANG_WARN_QUOTED_INCLUDE_IN_FRAMEWORK_HEADER = YES;
				CLANG_WARN_RANGE_LOOP_ANALYSIS = YES;
				CLANG_WARN_STRICT_PROTOTYPES = YES;
				CLANG_WARN_SUSPICIOUS_MOVE = YES;
				CLANG_WARN_UNGUARDED_AVAILABILITY = YES_AGGRESSIVE;
				CLANG_WARN_UNREACHABLE_CODE = YES;
				CLANG_WARN__DUPLICATE_METHOD_MATCH = YES;
				COPY_PHASE_STRIP = NO;
				DEBUG_INFORMATION_FORMAT = dwarf;
				ENABLE_STRICT_OBJC_MSGSEND = YES;
				ENABLE_TESTABILITY = YES;
				ENABLE_TESTING_SEARCH_PATHS = YES;
				"EXCLUDED_ARCHS[sdk=iphonesimulator*]" = arm64;
				GCC_C_LANGUAGE_STANDARD = gnu11;
				GCC_DYNAMIC_NO_PIC = NO;
				GCC_NO_COMMON_BLOCKS = YES;
				GCC_OPTIMIZATION_LEVEL = 0;
				GCC_PREPROCESSOR_DEFINITIONS = (
					"DEBUG=1",
					"$(inherited)",
				);
				GCC_WARN_64_TO_32_BIT_CONVERSION = YES;
				GCC_WARN_ABOUT_RETURN_TYPE = YES_ERROR;
				GCC_WARN_UNDECLARED_SELECTOR = YES;
				GCC_WARN_UNINITIALIZED_AUTOS = YES_AGGRESSIVE;
				GCC_WARN_UNUSED_FUNCTION = YES;
				GCC_WARN_UNUSED_VARIABLE = YES;
				IPHONEOS_DEPLOYMENT_TARGET = 15.5;
				MTL_ENABLE_DEBUG_INFO = INCLUDE_SOURCE;
				MTL_FAST_MATH = YES;
				ONLY_ACTIVE_ARCH = YES;
				SDKROOT = iphoneos;
				SWIFT_ACTIVE_COMPILATION_CONDITIONS = DEBUG;
				SWIFT_OPTIMIZATION_LEVEL = "-Onone";
			};
			name = Debug;
		};
		83071D0828B91AC90003734C /* Release */ = {
			isa = XCBuildConfiguration;
			buildSettings = {
				ALWAYS_SEARCH_USER_PATHS = NO;
				CLANG_ANALYZER_NONNULL = YES;
				CLANG_ANALYZER_NUMBER_OBJECT_CONVERSION = YES_AGGRESSIVE;
				CLANG_CXX_LANGUAGE_STANDARD = "gnu++17";
				CLANG_ENABLE_MODULES = YES;
				CLANG_ENABLE_OBJC_ARC = YES;
				CLANG_ENABLE_OBJC_WEAK = YES;
				CLANG_WARN_BLOCK_CAPTURE_AUTORELEASING = YES;
				CLANG_WARN_BOOL_CONVERSION = YES;
				CLANG_WARN_COMMA = YES;
				CLANG_WARN_CONSTANT_CONVERSION = YES;
				CLANG_WARN_DEPRECATED_OBJC_IMPLEMENTATIONS = YES;
				CLANG_WARN_DIRECT_OBJC_ISA_USAGE = YES_ERROR;
				CLANG_WARN_DOCUMENTATION_COMMENTS = YES;
				CLANG_WARN_EMPTY_BODY = YES;
				CLANG_WARN_ENUM_CONVERSION = YES;
				CLANG_WARN_INFINITE_RECURSION = YES;
				CLANG_WARN_INT_CONVERSION = YES;
				CLANG_WARN_NON_LITERAL_NULL_CONVERSION = YES;
				CLANG_WARN_OBJC_IMPLICIT_RETAIN_SELF = YES;
				CLANG_WARN_OBJC_LITERAL_CONVERSION = YES;
				CLANG_WARN_OBJC_ROOT_CLASS = YES_ERROR;
				CLANG_WARN_QUOTED_INCLUDE_IN_FRAMEWORK_HEADER = YES;
				CLANG_WARN_RANGE_LOOP_ANALYSIS = YES;
				CLANG_WARN_STRICT_PROTOTYPES = YES;
				CLANG_WARN_SUSPICIOUS_MOVE = YES;
				CLANG_WARN_UNGUARDED_AVAILABILITY = YES_AGGRESSIVE;
				CLANG_WARN_UNREACHABLE_CODE = YES;
				CLANG_WARN__DUPLICATE_METHOD_MATCH = YES;
				COPY_PHASE_STRIP = NO;
				DEBUG_INFORMATION_FORMAT = "dwarf-with-dsym";
				ENABLE_NS_ASSERTIONS = NO;
				ENABLE_STRICT_OBJC_MSGSEND = YES;
				ENABLE_TESTING_SEARCH_PATHS = YES;
				"EXCLUDED_ARCHS[sdk=iphonesimulator*]" = arm64;
				GCC_C_LANGUAGE_STANDARD = gnu11;
				GCC_NO_COMMON_BLOCKS = YES;
				GCC_WARN_64_TO_32_BIT_CONVERSION = YES;
				GCC_WARN_ABOUT_RETURN_TYPE = YES_ERROR;
				GCC_WARN_UNDECLARED_SELECTOR = YES;
				GCC_WARN_UNINITIALIZED_AUTOS = YES_AGGRESSIVE;
				GCC_WARN_UNUSED_FUNCTION = YES;
				GCC_WARN_UNUSED_VARIABLE = YES;
				IPHONEOS_DEPLOYMENT_TARGET = 15.5;
				MTL_ENABLE_DEBUG_INFO = NO;
				MTL_FAST_MATH = YES;
				SDKROOT = iphoneos;
				SWIFT_COMPILATION_MODE = wholemodule;
				SWIFT_OPTIMIZATION_LEVEL = "-O";
				VALIDATE_PRODUCT = YES;
			};
			name = Release;
		};
		83071D0A28B91AC90003734C /* Debug */ = {
			isa = XCBuildConfiguration;
			baseConfigurationReference = C116E1FDCFAEA5860B3B5F33 /* Pods-TranslationApp.debug.xcconfig */;
			buildSettings = {
				ASSETCATALOG_COMPILER_APPICON_NAME = AppIcon;
				ASSETCATALOG_COMPILER_GLOBAL_ACCENT_COLOR_NAME = AccentColor;
				CODE_SIGN_STYLE = Automatic;
				CURRENT_PROJECT_VERSION = 1;
				DEVELOPMENT_TEAM = L35MVZ453P;
				GENERATE_INFOPLIST_FILE = YES;
				INFOPLIST_FILE = TranslationApp/Info.plist;
				INFOPLIST_KEY_CFBundleDisplayName = TranslationApp;
				INFOPLIST_KEY_LSApplicationCategoryType = "";
				INFOPLIST_KEY_UIApplicationSupportsIndirectInputEvents = YES;
				INFOPLIST_KEY_UILaunchStoryboardName = LaunchScreen;
				INFOPLIST_KEY_UIMainStoryboardFile = Main;
				INFOPLIST_KEY_UISupportedInterfaceOrientations_iPad = "UIInterfaceOrientationPortrait UIInterfaceOrientationPortraitUpsideDown UIInterfaceOrientationLandscapeLeft UIInterfaceOrientationLandscapeRight";
				INFOPLIST_KEY_UISupportedInterfaceOrientations_iPhone = UIInterfaceOrientationPortrait;
				INFOPLIST_KEY_UIUserInterfaceStyle = Light;
				IPHONEOS_DEPLOYMENT_TARGET = 15.0;
				LD_RUNPATH_SEARCH_PATHS = (
					"$(inherited)",
					"@executable_path/Frameworks",
				);
				MARKETING_VERSION = 1.0;
				PRODUCT_BUNDLE_IDENTIFIER = "com.kenta-suzuki.TranslationApp";
				PRODUCT_NAME = "DeepL翻訳＋瞬間英作文";
				SWIFT_EMIT_LOC_STRINGS = YES;
				SWIFT_VERSION = 5.0;
				TARGETED_DEVICE_FAMILY = 1;
			};
			name = Debug;
		};
		83071D0B28B91AC90003734C /* Release */ = {
			isa = XCBuildConfiguration;
			baseConfigurationReference = 76A5CC4D0934ACC4BB7691D9 /* Pods-TranslationApp.release.xcconfig */;
			buildSettings = {
				ASSETCATALOG_COMPILER_APPICON_NAME = AppIcon;
				ASSETCATALOG_COMPILER_GLOBAL_ACCENT_COLOR_NAME = AccentColor;
				CODE_SIGN_STYLE = Automatic;
				CURRENT_PROJECT_VERSION = 1;
				DEVELOPMENT_TEAM = L35MVZ453P;
				GENERATE_INFOPLIST_FILE = YES;
				INFOPLIST_FILE = TranslationApp/Info.plist;
				INFOPLIST_KEY_CFBundleDisplayName = TranslationApp;
				INFOPLIST_KEY_LSApplicationCategoryType = "";
				INFOPLIST_KEY_UIApplicationSupportsIndirectInputEvents = YES;
				INFOPLIST_KEY_UILaunchStoryboardName = LaunchScreen;
				INFOPLIST_KEY_UIMainStoryboardFile = Main;
				INFOPLIST_KEY_UISupportedInterfaceOrientations_iPad = "UIInterfaceOrientationPortrait UIInterfaceOrientationPortraitUpsideDown UIInterfaceOrientationLandscapeLeft UIInterfaceOrientationLandscapeRight";
				INFOPLIST_KEY_UISupportedInterfaceOrientations_iPhone = UIInterfaceOrientationPortrait;
				INFOPLIST_KEY_UIUserInterfaceStyle = Light;
				IPHONEOS_DEPLOYMENT_TARGET = 15.0;
				LD_RUNPATH_SEARCH_PATHS = (
					"$(inherited)",
					"@executable_path/Frameworks",
				);
				MARKETING_VERSION = 1.0;
				PRODUCT_BUNDLE_IDENTIFIER = "com.kenta-suzuki.TranslationApp";
				PRODUCT_NAME = "DeepL翻訳＋瞬間英作文";
				SWIFT_EMIT_LOC_STRINGS = YES;
				SWIFT_VERSION = 5.0;
				TARGETED_DEVICE_FAMILY = 1;
			};
			name = Release;
		};
/* End XCBuildConfiguration section */

/* Begin XCConfigurationList section */
		83071CF028B91AC70003734C /* Build configuration list for PBXProject "TranslationApp" */ = {
			isa = XCConfigurationList;
			buildConfigurations = (
				83071D0728B91AC90003734C /* Debug */,
				83071D0828B91AC90003734C /* Release */,
			);
			defaultConfigurationIsVisible = 0;
			defaultConfigurationName = Release;
		};
		83071D0928B91AC90003734C /* Build configuration list for PBXNativeTarget "TranslationApp" */ = {
			isa = XCConfigurationList;
			buildConfigurations = (
				83071D0A28B91AC90003734C /* Debug */,
				83071D0B28B91AC90003734C /* Release */,
			);
			defaultConfigurationIsVisible = 0;
			defaultConfigurationName = Release;
		};
/* End XCConfigurationList section */

/* Begin XCRemoteSwiftPackageReference section */
		831398C0293A1395005B7B5D /* XCRemoteSwiftPackageReference "Alamofire" */ = {
			isa = XCRemoteSwiftPackageReference;
			repositoryURL = "https://github.com/Alamofire/Alamofire";
			requirement = {
				branch = master;
				kind = branch;
			};
		};
		832A86AD28E15572002FB368 /* XCRemoteSwiftPackageReference "Alamofire" */ = {
			isa = XCRemoteSwiftPackageReference;
			repositoryURL = "https://github.com/Alamofire/Alamofire";
			requirement = {
				branch = master;
				kind = branch;
			};
		};
		8342F77528FD760E005C8FD5 /* XCRemoteSwiftPackageReference "Alamofire" */ = {
			isa = XCRemoteSwiftPackageReference;
			repositoryURL = "https://github.com/Alamofire/Alamofire";
			requirement = {
				kind = upToNextMajorVersion;
				minimumVersion = 5.0.0;
			};
		};
		835B38DC294B5DDA00D42F50 /* XCRemoteSwiftPackageReference "Alamofire" */ = {
			isa = XCRemoteSwiftPackageReference;
			repositoryURL = "https://github.com/Alamofire/Alamofire";
			requirement = {
				branch = master;
				kind = branch;
			};
		};
		83724E96291926EA0074ED1E /* XCRemoteSwiftPackageReference "Alamofire" */ = {
			isa = XCRemoteSwiftPackageReference;
			repositoryURL = "https://github.com/Alamofire/Alamofire";
			requirement = {
				branch = master;
				kind = branch;
			};
		};
		83734B73291E62F8007B9A72 /* XCRemoteSwiftPackageReference "Alamofire" */ = {
			isa = XCRemoteSwiftPackageReference;
			repositoryURL = "https://github.com/Alamofire/Alamofire";
			requirement = {
				kind = upToNextMajorVersion;
				minimumVersion = 5.0.0;
			};
		};
		8378EB3E29652137007655C9 /* XCRemoteSwiftPackageReference "Alamofire" */ = {
			isa = XCRemoteSwiftPackageReference;
			repositoryURL = "https://github.com/Alamofire/Alamofire";
			requirement = {
				branch = master;
				kind = branch;
			};
		};
		8379101A29504682000790AB /* XCRemoteSwiftPackageReference "Alamofire" */ = {
			isa = XCRemoteSwiftPackageReference;
			repositoryURL = "https://github.com/Alamofire/Alamofire";
			requirement = {
				kind = upToNextMajorVersion;
				minimumVersion = 5.0.0;
			};
		};
		838085F52926728C00574D2D /* XCRemoteSwiftPackageReference "Alamofire" */ = {
			isa = XCRemoteSwiftPackageReference;
			repositoryURL = "https://github.com/Alamofire/Alamofire";
			requirement = {
				branch = master;
				kind = branch;
			};
		};
		8382E93B28F728E100877DD8 /* XCRemoteSwiftPackageReference "Alamofire" */ = {
			isa = XCRemoteSwiftPackageReference;
			repositoryURL = "https://github.com/Alamofire/Alamofire";
			requirement = {
				branch = master;
				kind = branch;
			};
		};
		8382FD4428F987B20021715C /* XCRemoteSwiftPackageReference "Alamofire" */ = {
			isa = XCRemoteSwiftPackageReference;
			repositoryURL = "https://github.com/Alamofire/Alamofire";
			requirement = {
				branch = master;
				kind = branch;
			};
		};
		83887BA0296312F800CA644D /* XCRemoteSwiftPackageReference "Alamofire" */ = {
			isa = XCRemoteSwiftPackageReference;
			repositoryURL = "https://github.com/Alamofire/Alamofire";
			requirement = {
				branch = master;
				kind = branch;
			};
		};
		8389C3F6290A7993007347AE /* XCRemoteSwiftPackageReference "Alamofire" */ = {
			isa = XCRemoteSwiftPackageReference;
			repositoryURL = "https://github.com/Alamofire/Alamofire";
			requirement = {
				kind = upToNextMajorVersion;
				minimumVersion = 5.0.0;
			};
		};
		8389C403290AC6AF007347AE /* XCRemoteSwiftPackageReference "Alamofire" */ = {
			isa = XCRemoteSwiftPackageReference;
			repositoryURL = "https://github.com/Alamofire/Alamofire";
			requirement = {
				branch = master;
				kind = branch;
			};
		};
		839238012930D0C0005B0741 /* XCRemoteSwiftPackageReference "Alamofire" */ = {
			isa = XCRemoteSwiftPackageReference;
			repositoryURL = "https://github.com/Alamofire/Alamofire";
			requirement = {
				branch = master;
				kind = branch;
			};
		};
		839CDF612906939100F78F44 /* XCRemoteSwiftPackageReference "Alamofire" */ = {
			isa = XCRemoteSwiftPackageReference;
			repositoryURL = "https://github.com/Alamofire/Alamofire";
			requirement = {
				kind = upToNextMajorVersion;
				minimumVersion = 5.0.0;
			};
		};
		839EBCEA2924C540003E8393 /* XCRemoteSwiftPackageReference "Alamofire" */ = {
			isa = XCRemoteSwiftPackageReference;
			repositoryURL = "https://github.com/Alamofire/Alamofire";
			requirement = {
				branch = master;
				kind = branch;
			};
		};
		839FBA3C28BA676E00BB64A5 /* XCRemoteSwiftPackageReference "Alamofire" */ = {
			isa = XCRemoteSwiftPackageReference;
			repositoryURL = "https://github.com/Alamofire/Alamofire";
			requirement = {
				kind = upToNextMajorVersion;
				minimumVersion = 5.0.0;
			};
		};
		83A051F729647858006BCB39 /* XCRemoteSwiftPackageReference "Alamofire" */ = {
			isa = XCRemoteSwiftPackageReference;
			repositoryURL = "https://github.com/Alamofire/Alamofire";
			requirement = {
				branch = master;
				kind = branch;
			};
		};
		83A2E1A92901023700F1117A /* XCRemoteSwiftPackageReference "Alamofire" */ = {
			isa = XCRemoteSwiftPackageReference;
			repositoryURL = "https://github.com/Alamofire/Alamofire";
			requirement = {
				branch = master;
				kind = branch;
			};
		};
		83A2E1AC29018C5D00F1117A /* XCRemoteSwiftPackageReference "Alamofire" */ = {
			isa = XCRemoteSwiftPackageReference;
			repositoryURL = "https://github.com/Alamofire/Alamofire";
			requirement = {
				kind = upToNextMajorVersion;
				minimumVersion = 5.0.0;
			};
		};
		83D3020028DB5EFA007EFF7E /* XCRemoteSwiftPackageReference "Alamofire" */ = {
			isa = XCRemoteSwiftPackageReference;
			repositoryURL = "https://github.com/Alamofire/Alamofire";
			requirement = {
				branch = master;
				kind = branch;
			};
		};
		83F41A6A28F2998C004F653F /* XCRemoteSwiftPackageReference "Alamofire" */ = {
			isa = XCRemoteSwiftPackageReference;
			repositoryURL = "https://github.com/Alamofire/Alamofire";
			requirement = {
				branch = master;
				kind = branch;
			};
		};
		83F41A8F28F3D906004F653F /* XCRemoteSwiftPackageReference "Alamofire" */ = {
			isa = XCRemoteSwiftPackageReference;
			repositoryURL = "https://github.com/Alamofire/Alamofire";
			requirement = {
				kind = upToNextMajorVersion;
				minimumVersion = 5.0.0;
			};
		};
/* End XCRemoteSwiftPackageReference section */

/* Begin XCSwiftPackageProductDependency section */
		8342F77628FD760E005C8FD5 /* Alamofire */ = {
			isa = XCSwiftPackageProductDependency;
			package = 839FBA3C28BA676E00BB64A5 /* XCRemoteSwiftPackageReference "Alamofire" */;
			productName = Alamofire;
		};
		835B38DD294B5DDA00D42F50 /* Alamofire */ = {
			isa = XCSwiftPackageProductDependency;
			package = 83D3020028DB5EFA007EFF7E /* XCRemoteSwiftPackageReference "Alamofire" */;
			productName = Alamofire;
		};
		83724E97291926EA0074ED1E /* Alamofire */ = {
			isa = XCSwiftPackageProductDependency;
			package = 83D3020028DB5EFA007EFF7E /* XCRemoteSwiftPackageReference "Alamofire" */;
			productName = Alamofire;
		};
		83734B74291E62F8007B9A72 /* Alamofire */ = {
			isa = XCSwiftPackageProductDependency;
			package = 839FBA3C28BA676E00BB64A5 /* XCRemoteSwiftPackageReference "Alamofire" */;
			productName = Alamofire;
		};
		8378EB3F29652137007655C9 /* Alamofire */ = {
			isa = XCSwiftPackageProductDependency;
			package = 83D3020028DB5EFA007EFF7E /* XCRemoteSwiftPackageReference "Alamofire" */;
			productName = Alamofire;
		};
		8379101B29504682000790AB /* Alamofire */ = {
			isa = XCSwiftPackageProductDependency;
			package = 839FBA3C28BA676E00BB64A5 /* XCRemoteSwiftPackageReference "Alamofire" */;
			productName = Alamofire;
		};
		838085F62926728C00574D2D /* Alamofire */ = {
			isa = XCSwiftPackageProductDependency;
			package = 83D3020028DB5EFA007EFF7E /* XCRemoteSwiftPackageReference "Alamofire" */;
			productName = Alamofire;
		};
		8382E93C28F728E100877DD8 /* Alamofire */ = {
			isa = XCSwiftPackageProductDependency;
			package = 83D3020028DB5EFA007EFF7E /* XCRemoteSwiftPackageReference "Alamofire" */;
			productName = Alamofire;
		};
		8382FD4528F987B20021715C /* Alamofire */ = {
			isa = XCSwiftPackageProductDependency;
			package = 83D3020028DB5EFA007EFF7E /* XCRemoteSwiftPackageReference "Alamofire" */;
			productName = Alamofire;
		};
		83887BA1296312F800CA644D /* Alamofire */ = {
			isa = XCSwiftPackageProductDependency;
			package = 83D3020028DB5EFA007EFF7E /* XCRemoteSwiftPackageReference "Alamofire" */;
			productName = Alamofire;
		};
		8389C3F7290A7993007347AE /* Alamofire */ = {
			isa = XCSwiftPackageProductDependency;
			package = 839FBA3C28BA676E00BB64A5 /* XCRemoteSwiftPackageReference "Alamofire" */;
			productName = Alamofire;
		};
		8389C404290AC6AF007347AE /* Alamofire */ = {
			isa = XCSwiftPackageProductDependency;
			package = 83D3020028DB5EFA007EFF7E /* XCRemoteSwiftPackageReference "Alamofire" */;
			productName = Alamofire;
		};
		839238022930D0C0005B0741 /* Alamofire */ = {
			isa = XCSwiftPackageProductDependency;
			package = 83D3020028DB5EFA007EFF7E /* XCRemoteSwiftPackageReference "Alamofire" */;
			productName = Alamofire;
		};
		839CDF622906939100F78F44 /* Alamofire */ = {
			isa = XCSwiftPackageProductDependency;
			package = 839FBA3C28BA676E00BB64A5 /* XCRemoteSwiftPackageReference "Alamofire" */;
			productName = Alamofire;
		};
		839EBCEB2924C540003E8393 /* Alamofire */ = {
			isa = XCSwiftPackageProductDependency;
			package = 83D3020028DB5EFA007EFF7E /* XCRemoteSwiftPackageReference "Alamofire" */;
			productName = Alamofire;
		};
		83A051F829647858006BCB39 /* Alamofire */ = {
			isa = XCSwiftPackageProductDependency;
			package = 83D3020028DB5EFA007EFF7E /* XCRemoteSwiftPackageReference "Alamofire" */;
			productName = Alamofire;
		};
		83A2E1AA2901023700F1117A /* Alamofire */ = {
			isa = XCSwiftPackageProductDependency;
			package = 83D3020028DB5EFA007EFF7E /* XCRemoteSwiftPackageReference "Alamofire" */;
			productName = Alamofire;
		};
		83A2E1AD29018C5D00F1117A /* Alamofire */ = {
			isa = XCSwiftPackageProductDependency;
			package = 839FBA3C28BA676E00BB64A5 /* XCRemoteSwiftPackageReference "Alamofire" */;
			productName = Alamofire;
		};
/* End XCSwiftPackageProductDependency section */
	};
	rootObject = 83071CED28B91AC70003734C /* Project object */;
}
